// !$*UTF8*$!
{
	archiveVersion = 1;
	classes = {
	};
	objectVersion = 46;
	objects = {

/* Begin PBXBuildFile section */
		6F68F5B91D26740500F9D3F2 /* Foundation.framework in Frameworks */ = {isa = PBXBuildFile; fileRef = 6F68F5B81D26740500F9D3F2 /* Foundation.framework */; };
		6FA4BA501D80FB46009DEF3D /* CrashlyticsProtocol.hpp in Headers */ = {isa = PBXBuildFile; fileRef = 6FA4BA4A1D80FB46009DEF3D /* CrashlyticsProtocol.hpp */; };
		6FA4BA511D80FB46009DEF3D /* CrashlyticsProtocol.hpp in Headers */ = {isa = PBXBuildFile; fileRef = 6FA4BA4A1D80FB46009DEF3D /* CrashlyticsProtocol.hpp */; };
		6FA4BA521D80FB46009DEF3D /* EECrashlyticsProtocol.h in Headers */ = {isa = PBXBuildFile; fileRef = 6FA4BA4B1D80FB46009DEF3D /* EECrashlyticsProtocol.h */; };
		6FA4BA531D80FB46009DEF3D /* EECrashlyticsProtocol.h in Headers */ = {isa = PBXBuildFile; fileRef = 6FA4BA4B1D80FB46009DEF3D /* EECrashlyticsProtocol.h */; };
		6FA4BA541D80FB46009DEF3D /* CrashlyticsProtocol.cpp in Sources */ = {isa = PBXBuildFile; fileRef = 6FA4BA4E1D80FB46009DEF3D /* CrashlyticsProtocol.cpp */; };
		6FA4BA551D80FB46009DEF3D /* CrashlyticsProtocol.cpp in Sources */ = {isa = PBXBuildFile; fileRef = 6FA4BA4E1D80FB46009DEF3D /* CrashlyticsProtocol.cpp */; };
		6FA4BA561D80FB46009DEF3D /* EECrashlyticsProtocol.m in Sources */ = {isa = PBXBuildFile; fileRef = 6FA4BA4F1D80FB46009DEF3D /* EECrashlyticsProtocol.m */; };
		6FA4BA571D80FB46009DEF3D /* EECrashlyticsProtocol.m in Sources */ = {isa = PBXBuildFile; fileRef = 6FA4BA4F1D80FB46009DEF3D /* EECrashlyticsProtocol.m */; };
		B9A0F86F11CE4C2F73D93067 /* libPods-common-ee-crashlytics-desktop.a in Frameworks */ = {isa = PBXBuildFile; fileRef = DBC0E9B333753B6F71D0A532 /* libPods-common-ee-crashlytics-desktop.a */; };
		CCD70602D888D9567FEDE859 /* libPods-ee-crashlytics-mobile.a in Frameworks */ = {isa = PBXBuildFile; fileRef = BBFCF518E0B3FB4456DDA418 /* libPods-ee-crashlytics-mobile.a */; };
		F8B64A041C60F8D992CCB897 /* libPods-common-ee-crashlytics-mobile.a in Frameworks */ = {isa = PBXBuildFile; fileRef = FC7364A244E42560ECEE0C18 /* libPods-common-ee-crashlytics-mobile.a */; };
/* End PBXBuildFile section */

/* Begin PBXCopyFilesBuildPhase section */
		6C43A8041BDDDF1800D0597F /* Copy Files */ = {
			isa = PBXCopyFilesBuildPhase;
			buildActionMask = 2147483647;
			dstPath = "include/$(PRODUCT_NAME)";
			dstSubfolderSpec = 16;
			files = (
			);
			name = "Copy Files";
			runOnlyForDeploymentPostprocessing = 0;
		};
/* End PBXCopyFilesBuildPhase section */

/* Begin PBXFileReference section */
		4DFD8F5C8F32FEEF4987B187 /* Pods-common-ee-crashlytics-mobile.debug.xcconfig */ = {isa = PBXFileReference; includeInIndex = 1; lastKnownFileType = text.xcconfig; name = "Pods-common-ee-crashlytics-mobile.debug.xcconfig"; path = "Pods/Target Support Files/Pods-common-ee-crashlytics-mobile/Pods-common-ee-crashlytics-mobile.debug.xcconfig"; sourceTree = "<group>"; };
		6F68F5B61D2673E800F9D3F2 /* UIKit.framework */ = {isa = PBXFileReference; lastKnownFileType = wrapper.framework; name = UIKit.framework; path = Platforms/iPhoneOS.platform/Developer/SDKs/iPhoneOS9.3.sdk/System/Library/Frameworks/UIKit.framework; sourceTree = DEVELOPER_DIR; };
		6F68F5B81D26740500F9D3F2 /* Foundation.framework */ = {isa = PBXFileReference; lastKnownFileType = wrapper.framework; name = Foundation.framework; path = Platforms/iPhoneOS.platform/Developer/SDKs/iPhoneOS9.3.sdk/System/Library/Frameworks/Foundation.framework; sourceTree = DEVELOPER_DIR; };
		6FA4BA4A1D80FB46009DEF3D /* CrashlyticsProtocol.hpp */ = {isa = PBXFileReference; fileEncoding = 4; lastKnownFileType = sourcecode.cpp.h; path = CrashlyticsProtocol.hpp; sourceTree = "<group>"; };
		6FA4BA4B1D80FB46009DEF3D /* EECrashlyticsProtocol.h */ = {isa = PBXFileReference; fileEncoding = 4; lastKnownFileType = sourcecode.c.h; path = EECrashlyticsProtocol.h; sourceTree = "<group>"; };
		6FA4BA4E1D80FB46009DEF3D /* CrashlyticsProtocol.cpp */ = {isa = PBXFileReference; fileEncoding = 4; lastKnownFileType = sourcecode.cpp.cpp; path = CrashlyticsProtocol.cpp; sourceTree = "<group>"; };
		6FA4BA4F1D80FB46009DEF3D /* EECrashlyticsProtocol.m */ = {isa = PBXFileReference; fileEncoding = 4; lastKnownFileType = sourcecode.c.objc; path = EECrashlyticsProtocol.m; sourceTree = "<group>"; };
		6FB2D0D01D2C9FCE007D47B6 /* java */ = {isa = PBXFileReference; lastKnownFileType = folder; name = java; path = ../proj.android_studio/src/main/java; sourceTree = "<group>"; };
		6FC1CA8E1CEAB7D300DCDC8E /* ee-crashlytics-mobile.a */ = {isa = PBXFileReference; explicitFileType = archive.ar; includeInIndex = 0; path = "ee-crashlytics-mobile.a"; sourceTree = BUILT_PRODUCTS_DIR; };
		6FC1CA8F1CEAB7D300DCDC8E /* ee-crashlytics-desktop.a */ = {isa = PBXFileReference; explicitFileType = archive.ar; includeInIndex = 0; path = "ee-crashlytics-desktop.a"; sourceTree = BUILT_PRODUCTS_DIR; };
		8B8350AD34A0893CAB9AC597 /* Pods-ee-crashlytics-mobile.debug.xcconfig */ = {isa = PBXFileReference; includeInIndex = 1; lastKnownFileType = text.xcconfig; name = "Pods-ee-crashlytics-mobile.debug.xcconfig"; path = "Pods/Target Support Files/Pods-ee-crashlytics-mobile/Pods-ee-crashlytics-mobile.debug.xcconfig"; sourceTree = "<group>"; };
		A245C63441C38E86F61225E7 /* Pods-ee-crashlytics-mobile.release.xcconfig */ = {isa = PBXFileReference; includeInIndex = 1; lastKnownFileType = text.xcconfig; name = "Pods-ee-crashlytics-mobile.release.xcconfig"; path = "Pods/Target Support Files/Pods-ee-crashlytics-mobile/Pods-ee-crashlytics-mobile.release.xcconfig"; sourceTree = "<group>"; };
		B27E359551E0FCFEF9091527 /* Pods-common-ee-crashlytics-mobile.release.xcconfig */ = {isa = PBXFileReference; includeInIndex = 1; lastKnownFileType = text.xcconfig; name = "Pods-common-ee-crashlytics-mobile.release.xcconfig"; path = "Pods/Target Support Files/Pods-common-ee-crashlytics-mobile/Pods-common-ee-crashlytics-mobile.release.xcconfig"; sourceTree = "<group>"; };
		BBFCF518E0B3FB4456DDA418 /* libPods-ee-crashlytics-mobile.a */ = {isa = PBXFileReference; explicitFileType = archive.ar; includeInIndex = 0; path = "libPods-ee-crashlytics-mobile.a"; sourceTree = BUILT_PRODUCTS_DIR; };
		CC578A74DA1CA1FD07DB63B1 /* Pods-common-ee-crashlytics-desktop.release.xcconfig */ = {isa = PBXFileReference; includeInIndex = 1; lastKnownFileType = text.xcconfig; name = "Pods-common-ee-crashlytics-desktop.release.xcconfig"; path = "Pods/Target Support Files/Pods-common-ee-crashlytics-desktop/Pods-common-ee-crashlytics-desktop.release.xcconfig"; sourceTree = "<group>"; };
		D5EF53C08BA1F3D4AED0D59D /* Pods-common-ee-crashlytics-desktop.debug.xcconfig */ = {isa = PBXFileReference; includeInIndex = 1; lastKnownFileType = text.xcconfig; name = "Pods-common-ee-crashlytics-desktop.debug.xcconfig"; path = "Pods/Target Support Files/Pods-common-ee-crashlytics-desktop/Pods-common-ee-crashlytics-desktop.debug.xcconfig"; sourceTree = "<group>"; };
		DBC0E9B333753B6F71D0A532 /* libPods-common-ee-crashlytics-desktop.a */ = {isa = PBXFileReference; explicitFileType = archive.ar; includeInIndex = 0; path = "libPods-common-ee-crashlytics-desktop.a"; sourceTree = BUILT_PRODUCTS_DIR; };
		FC7364A244E42560ECEE0C18 /* libPods-common-ee-crashlytics-mobile.a */ = {isa = PBXFileReference; explicitFileType = archive.ar; includeInIndex = 0; path = "libPods-common-ee-crashlytics-mobile.a"; sourceTree = BUILT_PRODUCTS_DIR; };
/* End PBXFileReference section */

/* Begin PBXFrameworksBuildPhase section */
		6C43A8031BDDDF1800D0597F /* Frameworks */ = {
			isa = PBXFrameworksBuildPhase;
			buildActionMask = 2147483647;
			files = (
				6F68F5B91D26740500F9D3F2 /* Foundation.framework in Frameworks */,
				CCD70602D888D9567FEDE859 /* libPods-ee-crashlytics-mobile.a in Frameworks */,
				F8B64A041C60F8D992CCB897 /* libPods-common-ee-crashlytics-mobile.a in Frameworks */,
			);
			runOnlyForDeploymentPostprocessing = 0;
		};
		6F79B60F1CCA7AA00008EFAC /* Frameworks */ = {
			isa = PBXFrameworksBuildPhase;
			buildActionMask = 2147483647;
			files = (
				B9A0F86F11CE4C2F73D93067 /* libPods-common-ee-crashlytics-desktop.a in Frameworks */,
			);
			runOnlyForDeploymentPostprocessing = 0;
		};
/* End PBXFrameworksBuildPhase section */

/* Begin PBXGroup section */
		29B97314FDCFA39411CA2CEA /* CustomTemplate */ = {
			isa = PBXGroup;
			children = (
				6FB2D0D01D2C9FCE007D47B6 /* java */,
				6FA4BA481D80FB46009DEF3D /* include */,
				6FA4BA4C1D80FB46009DEF3D /* src */,
				29B97323FDCFA39411CA2CEA /* Frameworks */,
				6FC1CA921CEAB89C00DCDC8E /* Products */,
				4FB419E589DFE86716B7D085 /* Pods */,
			);
			name = CustomTemplate;
			sourceTree = "<group>";
		};
		29B97323FDCFA39411CA2CEA /* Frameworks */ = {
			isa = PBXGroup;
			children = (
				6F68F5B81D26740500F9D3F2 /* Foundation.framework */,
				6F68F5B61D2673E800F9D3F2 /* UIKit.framework */,
				BBFCF518E0B3FB4456DDA418 /* libPods-ee-crashlytics-mobile.a */,
				DBC0E9B333753B6F71D0A532 /* libPods-common-ee-crashlytics-desktop.a */,
				FC7364A244E42560ECEE0C18 /* libPods-common-ee-crashlytics-mobile.a */,
			);
			name = Frameworks;
			sourceTree = "<group>";
		};
		4FB419E589DFE86716B7D085 /* Pods */ = {
			isa = PBXGroup;
			children = (
				8B8350AD34A0893CAB9AC597 /* Pods-ee-crashlytics-mobile.debug.xcconfig */,
				A245C63441C38E86F61225E7 /* Pods-ee-crashlytics-mobile.release.xcconfig */,
				D5EF53C08BA1F3D4AED0D59D /* Pods-common-ee-crashlytics-desktop.debug.xcconfig */,
				CC578A74DA1CA1FD07DB63B1 /* Pods-common-ee-crashlytics-desktop.release.xcconfig */,
				4DFD8F5C8F32FEEF4987B187 /* Pods-common-ee-crashlytics-mobile.debug.xcconfig */,
				B27E359551E0FCFEF9091527 /* Pods-common-ee-crashlytics-mobile.release.xcconfig */,
			);
			name = Pods;
			sourceTree = "<group>";
		};
		6FA4BA481D80FB46009DEF3D /* include */ = {
			isa = PBXGroup;
			children = (
				6FA4BA491D80FB46009DEF3D /* ee */,
			);
			name = include;
			path = ../include;
			sourceTree = "<group>";
		};
		6FA4BA491D80FB46009DEF3D /* ee */ = {
			isa = PBXGroup;
			children = (
				6FA4BA4A1D80FB46009DEF3D /* CrashlyticsProtocol.hpp */,
				6FA4BA4B1D80FB46009DEF3D /* EECrashlyticsProtocol.h */,
			);
			path = ee;
			sourceTree = "<group>";
		};
		6FA4BA4C1D80FB46009DEF3D /* src */ = {
			isa = PBXGroup;
			children = (
				6FA4BA4D1D80FB46009DEF3D /* ee */,
			);
			name = src;
			path = ../src;
			sourceTree = "<group>";
		};
		6FA4BA4D1D80FB46009DEF3D /* ee */ = {
			isa = PBXGroup;
			children = (
				6FA4BA4E1D80FB46009DEF3D /* CrashlyticsProtocol.cpp */,
				6FA4BA4F1D80FB46009DEF3D /* EECrashlyticsProtocol.m */,
			);
			path = ee;
			sourceTree = "<group>";
		};
		6FC1CA921CEAB89C00DCDC8E /* Products */ = {
			isa = PBXGroup;
			children = (
				6FC1CA8F1CEAB7D300DCDC8E /* ee-crashlytics-desktop.a */,
				6FC1CA8E1CEAB7D300DCDC8E /* ee-crashlytics-mobile.a */,
			);
			name = Products;
			sourceTree = "<group>";
		};
/* End PBXGroup section */

/* Begin PBXHeadersBuildPhase section */
		6C1952961C44E97F00185F01 /* Headers */ = {
			isa = PBXHeadersBuildPhase;
			buildActionMask = 2147483647;
			files = (
				6FA4BA521D80FB46009DEF3D /* EECrashlyticsProtocol.h in Headers */,
				6FA4BA501D80FB46009DEF3D /* CrashlyticsProtocol.hpp in Headers */,
			);
			runOnlyForDeploymentPostprocessing = 0;
		};
		6F79B6101CCA7AA00008EFAC /* Headers */ = {
			isa = PBXHeadersBuildPhase;
			buildActionMask = 2147483647;
			files = (
				6FA4BA531D80FB46009DEF3D /* EECrashlyticsProtocol.h in Headers */,
				6FA4BA511D80FB46009DEF3D /* CrashlyticsProtocol.hpp in Headers */,
			);
			runOnlyForDeploymentPostprocessing = 0;
		};
/* End PBXHeadersBuildPhase section */

/* Begin PBXNativeTarget section */
		6C43A8051BDDDF1800D0597F /* ee-crashlytics-mobile */ = {
			isa = PBXNativeTarget;
			buildConfigurationList = 6C43A80D1BDDDF1900D0597F /* Build configuration list for PBXNativeTarget "ee-crashlytics-mobile" */;
			buildPhases = (
				8A435ED0CF1A3659C8C127E9 /* [CP] Check Pods Manifest.lock */,
				6C43A8021BDDDF1800D0597F /* Sources */,
				6C43A8031BDDDF1800D0597F /* Frameworks */,
				6C43A8041BDDDF1800D0597F /* Copy Files */,
				6C1952961C44E97F00185F01 /* Headers */,
				86A5C28C650A389CA26E2EB1 /* [CP] Copy Pods Resources */,
			);
			buildRules = (
			);
			dependencies = (
			);
			name = "ee-crashlytics-mobile";
			productName = "ee-library";
			productReference = 6FC1CA8E1CEAB7D300DCDC8E /* ee-crashlytics-mobile.a */;
			productType = "com.apple.product-type.library.static";
		};
		6F79B6111CCA7AA00008EFAC /* ee-crashlytics-desktop */ = {
			isa = PBXNativeTarget;
			buildConfigurationList = 6F79B61B1CCA7AA00008EFAC /* Build configuration list for PBXNativeTarget "ee-crashlytics-desktop" */;
			buildPhases = (
				91139D75F261C70EBA088541 /* [CP] Check Pods Manifest.lock */,
				6F79B60E1CCA7AA00008EFAC /* Sources */,
				6F79B60F1CCA7AA00008EFAC /* Frameworks */,
				6F79B6101CCA7AA00008EFAC /* Headers */,
				594031B9CE3416ECC8D01543 /* [CP] Copy Pods Resources */,
			);
			buildRules = (
			);
			dependencies = (
			);
			name = "ee-crashlytics-desktop";
			productName = "ee-library-desktop";
			productReference = 6FC1CA8F1CEAB7D300DCDC8E /* ee-crashlytics-desktop.a */;
			productType = "com.apple.product-type.library.static";
		};
/* End PBXNativeTarget section */

/* Begin PBXProject section */
		29B97313FDCFA39411CA2CEA /* Project object */ = {
			isa = PBXProject;
			attributes = {
				LastUpgradeCheck = 0500;
				TargetAttributes = {
					6C43A8051BDDDF1800D0597F = {
						CreatedOnToolsVersion = 7.1;
					};
					6F79B6111CCA7AA00008EFAC = {
						CreatedOnToolsVersion = 7.3;
					};
				};
			};
			buildConfigurationList = C01FCF4E08A954540054247B /* Build configuration list for PBXProject "ee-crashlytics" */;
			compatibilityVersion = "Xcode 3.2";
			developmentRegion = English;
			hasScannedForEncodings = 1;
			knownRegions = (
				English,
				Japanese,
				French,
				German,
			);
			mainGroup = 29B97314FDCFA39411CA2CEA /* CustomTemplate */;
			productRefGroup = 29B97314FDCFA39411CA2CEA /* CustomTemplate */;
			projectDirPath = "";
			projectRoot = "";
			targets = (
				6C43A8051BDDDF1800D0597F /* ee-crashlytics-mobile */,
				6F79B6111CCA7AA00008EFAC /* ee-crashlytics-desktop */,
			);
		};
/* End PBXProject section */

/* Begin PBXShellScriptBuildPhase section */
		594031B9CE3416ECC8D01543 /* [CP] Copy Pods Resources */ = {
			isa = PBXShellScriptBuildPhase;
			buildActionMask = 2147483647;
			files = (
			);
			inputPaths = (
			);
			name = "[CP] Copy Pods Resources";
			outputPaths = (
			);
			runOnlyForDeploymentPostprocessing = 0;
			shellPath = /bin/sh;
			shellScript = "\"${SRCROOT}/Pods/Target Support Files/Pods-common-ee-crashlytics-desktop/Pods-common-ee-crashlytics-desktop-resources.sh\"\n";
			showEnvVarsInLog = 0;
		};
		86A5C28C650A389CA26E2EB1 /* [CP] Copy Pods Resources */ = {
			isa = PBXShellScriptBuildPhase;
			buildActionMask = 2147483647;
			files = (
			);
			inputPaths = (
			);
			name = "[CP] Copy Pods Resources";
			outputPaths = (
			);
			runOnlyForDeploymentPostprocessing = 0;
			shellPath = /bin/sh;
			shellScript = "\"${SRCROOT}/Pods/Target Support Files/Pods-common-ee-crashlytics-mobile/Pods-common-ee-crashlytics-mobile-resources.sh\"\n";
			showEnvVarsInLog = 0;
		};
		8A435ED0CF1A3659C8C127E9 /* [CP] Check Pods Manifest.lock */ = {
			isa = PBXShellScriptBuildPhase;
			buildActionMask = 2147483647;
			files = (
			);
			inputPaths = (
			);
			name = "[CP] Check Pods Manifest.lock";
			outputPaths = (
			);
			runOnlyForDeploymentPostprocessing = 0;
			shellPath = /bin/sh;
			shellScript = "diff \"${PODS_ROOT}/../Podfile.lock\" \"${PODS_ROOT}/Manifest.lock\" > /dev/null\nif [[ $? != 0 ]] ; then\n    cat << EOM\nerror: The sandbox is not in sync with the Podfile.lock. Run 'pod install' or update your CocoaPods installation.\nEOM\n    exit 1\nfi\n";
			showEnvVarsInLog = 0;
		};
		91139D75F261C70EBA088541 /* [CP] Check Pods Manifest.lock */ = {
			isa = PBXShellScriptBuildPhase;
			buildActionMask = 2147483647;
			files = (
			);
			inputPaths = (
			);
			name = "[CP] Check Pods Manifest.lock";
			outputPaths = (
			);
			runOnlyForDeploymentPostprocessing = 0;
			shellPath = /bin/sh;
			shellScript = "diff \"${PODS_ROOT}/../Podfile.lock\" \"${PODS_ROOT}/Manifest.lock\" > /dev/null\nif [[ $? != 0 ]] ; then\n    cat << EOM\nerror: The sandbox is not in sync with the Podfile.lock. Run 'pod install' or update your CocoaPods installation.\nEOM\n    exit 1\nfi\n";
			showEnvVarsInLog = 0;
		};
/* End PBXShellScriptBuildPhase section */

/* Begin PBXSourcesBuildPhase section */
		6C43A8021BDDDF1800D0597F /* Sources */ = {
			isa = PBXSourcesBuildPhase;
			buildActionMask = 2147483647;
			files = (
				6FA4BA541D80FB46009DEF3D /* CrashlyticsProtocol.cpp in Sources */,
				6FA4BA561D80FB46009DEF3D /* EECrashlyticsProtocol.m in Sources */,
			);
			runOnlyForDeploymentPostprocessing = 0;
		};
		6F79B60E1CCA7AA00008EFAC /* Sources */ = {
			isa = PBXSourcesBuildPhase;
			buildActionMask = 2147483647;
			files = (
				6FA4BA551D80FB46009DEF3D /* CrashlyticsProtocol.cpp in Sources */,
				6FA4BA571D80FB46009DEF3D /* EECrashlyticsProtocol.m in Sources */,
			);
			runOnlyForDeploymentPostprocessing = 0;
		};
/* End PBXSourcesBuildPhase section */

/* Begin XCBuildConfiguration section */
		6C43A80E1BDDDF1900D0597F /* Debug */ = {
			isa = XCBuildConfiguration;
			baseConfigurationReference = 4DFD8F5C8F32FEEF4987B187 /* Pods-common-ee-crashlytics-mobile.debug.xcconfig */;
			buildSettings = {
				ENABLE_BITCODE = NO;
				GCC_PREPROCESSOR_DEFINITIONS = "$(inherited)";
				HEADER_SEARCH_PATHS = "$(inherited)";
				IPHONEOS_DEPLOYMENT_TARGET = 6.0;
				SDKROOT = iphoneos;
				TARGETED_DEVICE_FAMILY = "1,2";
			};
			name = Debug;
		};
		6C43A80F1BDDDF1900D0597F /* Release */ = {
			isa = XCBuildConfiguration;
			baseConfigurationReference = B27E359551E0FCFEF9091527 /* Pods-common-ee-crashlytics-mobile.release.xcconfig */;
			buildSettings = {
				ENABLE_BITCODE = NO;
				GCC_PREPROCESSOR_DEFINITIONS = "$(inherited)";
				HEADER_SEARCH_PATHS = "$(inherited)";
				IPHONEOS_DEPLOYMENT_TARGET = 6.0;
				SDKROOT = iphoneos;
				TARGETED_DEVICE_FAMILY = "1,2";
			};
			name = Release;
		};
		6F79B6181CCA7AA00008EFAC /* Debug */ = {
			isa = XCBuildConfiguration;
			baseConfigurationReference = D5EF53C08BA1F3D4AED0D59D /* Pods-common-ee-crashlytics-desktop.debug.xcconfig */;
			buildSettings = {
				GCC_PREPROCESSOR_DEFINITIONS = "$(inherited)";
				HEADER_SEARCH_PATHS = "$(inherited)";
				MACOSX_DEPLOYMENT_TARGET = 10.7;
				SDKROOT = macosx;
			};
			name = Debug;
		};
		6F79B6191CCA7AA00008EFAC /* Release */ = {
			isa = XCBuildConfiguration;
			baseConfigurationReference = CC578A74DA1CA1FD07DB63B1 /* Pods-common-ee-crashlytics-desktop.release.xcconfig */;
			buildSettings = {
				GCC_PREPROCESSOR_DEFINITIONS = "$(inherited)";
				HEADER_SEARCH_PATHS = "$(inherited)";
				MACOSX_DEPLOYMENT_TARGET = 10.7;
				SDKROOT = macosx;
			};
			name = Release;
		};
		C01FCF4F08A954540054247B /* Debug */ = {
			isa = XCBuildConfiguration;
			buildSettings = {
				ALWAYS_SEARCH_USER_PATHS = NO;
				CLANG_ANALYZER_SECURITY_FLOATLOOPCOUNTER = YES;
				CLANG_ANALYZER_SECURITY_INSECUREAPI_RAND = YES;
				CLANG_ANALYZER_SECURITY_INSECUREAPI_STRCPY = YES;
				CLANG_CXX_LANGUAGE_STANDARD = "c++1z";
				CLANG_CXX_LIBRARY = "libc++";
				CLANG_WARN_ASSIGN_ENUM = YES;
				CLANG_WARN_CXX0X_EXTENSIONS = YES;
				CLANG_WARN_DEPRECATED_OBJC_IMPLEMENTATIONS = YES;
				CLANG_WARN_DIRECT_OBJC_ISA_USAGE = YES_ERROR;
				CLANG_WARN_EMPTY_BODY = YES;
				CLANG_WARN_IMPLICIT_SIGN_CONVERSION = YES;
				CLANG_WARN_NULLABLE_TO_NONNULL_CONVERSION = YES;
				CLANG_WARN_OBJC_EXPLICIT_OWNERSHIP_TYPE = YES;
				CLANG_WARN_OBJC_IMPLICIT_ATOMIC_PROPERTIES = YES;
				CLANG_WARN_OBJC_IMPLICIT_RETAIN_SELF = YES;
				CLANG_WARN_OBJC_REPEATED_USE_OF_WEAK = YES;
				CLANG_WARN_OBJC_ROOT_CLASS = YES_ERROR;
				CLANG_WARN_SUSPICIOUS_IMPLICIT_CONVERSION = YES;
				CLANG_WARN_UNREACHABLE_CODE = YES_AGGRESSIVE;
				CLANG_WARN__DUPLICATE_METHOD_MATCH = YES;
				COPY_PHASE_STRIP = NO;
				ENABLE_NS_ASSERTIONS = NO;
				ENABLE_TESTABILITY = YES;
				EXECUTABLE_PREFIX = "";
				GCC_C_LANGUAGE_STANDARD = c99;
				GCC_OPTIMIZATION_LEVEL = 0;
				GCC_PREPROCESSOR_DEFINITIONS = "DEBUG=1";
				GCC_SYMBOLS_PRIVATE_EXTERN = YES;
				GCC_TREAT_IMPLICIT_FUNCTION_DECLARATIONS_AS_ERRORS = YES;
				GCC_TREAT_INCOMPATIBLE_POINTER_TYPE_WARNINGS_AS_ERRORS = YES;
				GCC_WARN_64_TO_32_BIT_CONVERSION = YES;
				GCC_WARN_ABOUT_MISSING_FIELD_INITIALIZERS = YES;
				GCC_WARN_ABOUT_MISSING_PROTOTYPES = YES;
				GCC_WARN_ABOUT_RETURN_TYPE = YES_ERROR;
				GCC_WARN_HIDDEN_VIRTUAL_FUNCTIONS = YES;
				GCC_WARN_INITIALIZER_NOT_FULLY_BRACKETED = YES;
				GCC_WARN_NON_VIRTUAL_DESTRUCTOR = YES;
				GCC_WARN_SHADOW = YES;
				GCC_WARN_SIGN_COMPARE = YES;
				GCC_WARN_STRICT_SELECTOR_MATCH = YES;
				GCC_WARN_UNDECLARED_SELECTOR = YES;
				GCC_WARN_UNINITIALIZED_AUTOS = YES_AGGRESSIVE;
				GCC_WARN_UNKNOWN_PRAGMAS = YES;
				GCC_WARN_UNUSED_FUNCTION = YES;
				GCC_WARN_UNUSED_VARIABLE = YES;
				HEADER_SEARCH_PATHS = "$(SRCROOT)/../../core/include";
				ONLY_ACTIVE_ARCH = YES;
				OTHER_LDFLAGS = "-ObjC";
				PRODUCT_NAME = "$(TARGET_NAME)";
				SKIP_INSTALL = YES;
				USER_HEADER_SEARCH_PATHS = "$(SRCROOT)/../include";
			};
			name = Debug;
		};
		C01FCF5008A954540054247B /* Release */ = {
			isa = XCBuildConfiguration;
			buildSettings = {
				ALWAYS_SEARCH_USER_PATHS = NO;
				CLANG_ANALYZER_SECURITY_FLOATLOOPCOUNTER = YES;
				CLANG_ANALYZER_SECURITY_INSECUREAPI_RAND = YES;
				CLANG_ANALYZER_SECURITY_INSECUREAPI_STRCPY = YES;
				CLANG_CXX_LANGUAGE_STANDARD = "c++1z";
				CLANG_CXX_LIBRARY = "libc++";
				CLANG_WARN_ASSIGN_ENUM = YES;
				CLANG_WARN_CXX0X_EXTENSIONS = YES;
				CLANG_WARN_DEPRECATED_OBJC_IMPLEMENTATIONS = YES;
				CLANG_WARN_DIRECT_OBJC_ISA_USAGE = YES_ERROR;
				CLANG_WARN_EMPTY_BODY = YES;
				CLANG_WARN_IMPLICIT_SIGN_CONVERSION = YES;
				CLANG_WARN_NULLABLE_TO_NONNULL_CONVERSION = YES;
				CLANG_WARN_OBJC_EXPLICIT_OWNERSHIP_TYPE = YES;
				CLANG_WARN_OBJC_IMPLICIT_ATOMIC_PROPERTIES = YES;
				CLANG_WARN_OBJC_IMPLICIT_RETAIN_SELF = YES;
				CLANG_WARN_OBJC_REPEATED_USE_OF_WEAK = YES;
				CLANG_WARN_OBJC_ROOT_CLASS = YES_ERROR;
				CLANG_WARN_SUSPICIOUS_IMPLICIT_CONVERSION = YES;
				CLANG_WARN_UNREACHABLE_CODE = YES_AGGRESSIVE;
				CLANG_WARN__DUPLICATE_METHOD_MATCH = YES;
				ENABLE_NS_ASSERTIONS = NO;
				EXECUTABLE_PREFIX = "";
				GCC_C_LANGUAGE_STANDARD = c99;
				GCC_GENERATE_DEBUGGING_SYMBOLS = NO;
				GCC_PREPROCESSOR_DEFINITIONS = NDEBUG;
				GCC_SYMBOLS_PRIVATE_EXTERN = YES;
				GCC_TREAT_IMPLICIT_FUNCTION_DECLARATIONS_AS_ERRORS = YES;
				GCC_TREAT_INCOMPATIBLE_POINTER_TYPE_WARNINGS_AS_ERRORS = YES;
				GCC_WARN_64_TO_32_BIT_CONVERSION = YES;
				GCC_WARN_ABOUT_MISSING_FIELD_INITIALIZERS = YES;
				GCC_WARN_ABOUT_MISSING_PROTOTYPES = YES;
				GCC_WARN_ABOUT_RETURN_TYPE = YES_ERROR;
				GCC_WARN_HIDDEN_VIRTUAL_FUNCTIONS = YES;
				GCC_WARN_INITIALIZER_NOT_FULLY_BRACKETED = YES;
				GCC_WARN_NON_VIRTUAL_DESTRUCTOR = YES;
				GCC_WARN_SHADOW = YES;
				GCC_WARN_SIGN_COMPARE = YES;
				GCC_WARN_STRICT_SELECTOR_MATCH = YES;
				GCC_WARN_UNDECLARED_SELECTOR = YES;
				GCC_WARN_UNINITIALIZED_AUTOS = YES_AGGRESSIVE;
				GCC_WARN_UNKNOWN_PRAGMAS = YES;
				GCC_WARN_UNUSED_FUNCTION = YES;
				GCC_WARN_UNUSED_VARIABLE = YES;
				HEADER_SEARCH_PATHS = "$(SRCROOT)/../../core/include";
				LLVM_LTO = YES;
				OTHER_LDFLAGS = "-ObjC";
				PRODUCT_NAME = "$(TARGET_NAME)";
				SKIP_INSTALL = YES;
				USER_HEADER_SEARCH_PATHS = "$(SRCROOT)/../include";
				VALIDATE_PRODUCT = YES;
			};
			name = Release;
		};
/* End XCBuildConfiguration section */

/* Begin XCConfigurationList section */
		6C43A80D1BDDDF1900D0597F /* Build configuration list for PBXNativeTarget "ee-crashlytics-mobile" */ = {
			isa = XCConfigurationList;
			buildConfigurations = (
				6C43A80E1BDDDF1900D0597F /* Debug */,
				6C43A80F1BDDDF1900D0597F /* Release */,
			);
			defaultConfigurationIsVisible = 0;
			defaultConfigurationName = Debug;
		};
		6F79B61B1CCA7AA00008EFAC /* Build configuration list for PBXNativeTarget "ee-crashlytics-desktop" */ = {
			isa = XCConfigurationList;
			buildConfigurations = (
				6F79B6181CCA7AA00008EFAC /* Debug */,
				6F79B6191CCA7AA00008EFAC /* Release */,
			);
			defaultConfigurationIsVisible = 0;
			defaultConfigurationName = Debug;
		};
		C01FCF4E08A954540054247B /* Build configuration list for PBXProject "ee-crashlytics" */ = {
			isa = XCConfigurationList;
			buildConfigurations = (
				C01FCF4F08A954540054247B /* Debug */,
				C01FCF5008A954540054247B /* Release */,
			);
			defaultConfigurationIsVisible = 0;
			defaultConfigurationName = Debug;
		};
/* End XCConfigurationList section */
	};
	rootObject = 29B97313FDCFA39411CA2CEA /* Project object */;
}
