// !$*UTF8*$!
{
	archiveVersion = 1;
	classes = {
	};
	objectVersion = 46;
	objects = {

/* Begin PBXBuildFile section */
		1B2C1B6D411EAC74A9F056A6 /* libPods-common-ee_x_test_desktop.a in Frameworks */ = {isa = PBXBuildFile; fileRef = 52167163293AEFE6F03BAF78 /* libPods-common-ee_x_test_desktop.a */; };
		4B120C1C23D0780900528149 /* libcocos2d iOS.a in Frameworks */ = {isa = PBXBuildFile; fileRef = 4B120C1723D077FD00528149 /* libcocos2d iOS.a */; };
		4B120C1F23D0781000528149 /* libcocos2d Mac.a in Frameworks */ = {isa = PBXBuildFile; fileRef = 4B120C1523D077FD00528149 /* libcocos2d Mac.a */; };
		6F2580241ECBFC9A00B910F9 /* main.mm in Sources */ = {isa = PBXBuildFile; fileRef = 6F2580231ECBFC9A00B910F9 /* main.mm */; };
		6F25802D1ECBFF8C00B910F9 /* AppController.mm in Sources */ = {isa = PBXBuildFile; fileRef = 6F25802B1ECBFF8C00B910F9 /* AppController.mm */; };
		6F25802F1ECBFFAE00B910F9 /* main.m in Sources */ = {isa = PBXBuildFile; fileRef = 6F25802E1ECBFFAE00B910F9 /* main.m */; };
		6F2580321ECC019000B910F9 /* NotificationTester.cpp in Sources */ = {isa = PBXBuildFile; fileRef = 6F2580301ECC019000B910F9 /* NotificationTester.cpp */; };
		6F25803F1ECC2DC400B910F9 /* AppDelegate.cpp in Sources */ = {isa = PBXBuildFile; fileRef = 6F25803D1ECC2DC400B910F9 /* AppDelegate.cpp */; };
		6F2580401ECC2DC400B910F9 /* AppDelegate.cpp in Sources */ = {isa = PBXBuildFile; fileRef = 6F25803D1ECC2DC400B910F9 /* AppDelegate.cpp */; };
		6F2C62151FB2E281000CEA38 /* NativeAdTestScene.cpp in Sources */ = {isa = PBXBuildFile; fileRef = 6F54B3C21FB0207C00D821F1 /* NativeAdTestScene.cpp */; };
		6F426E211F8B56B2009E202A /* RootViewController.mm in Sources */ = {isa = PBXBuildFile; fileRef = 6F426E1F1F8B56B2009E202A /* RootViewController.mm */; };
		6F426E2D1F8B5978009E202A /* fb_native_pause.xib in Resources */ = {isa = PBXBuildFile; fileRef = 6F426E2B1F8B5978009E202A /* fb_native_pause.xib */; };
		6F426E2E1F8B5978009E202A /* fb_native_spin.xib in Resources */ = {isa = PBXBuildFile; fileRef = 6F426E2C1F8B5978009E202A /* fb_native_spin.xib */; };
		6F54B3C01FB0153800D821F1 /* images in Resources */ = {isa = PBXBuildFile; fileRef = 6F54B3BF1FB0153800D821F1 /* images */; };
		6F54B3C11FB0153800D821F1 /* images in Resources */ = {isa = PBXBuildFile; fileRef = 6F54B3BF1FB0153800D821F1 /* images */; };
		6F54B3C41FB0207C00D821F1 /* NativeAdTestScene.cpp in Sources */ = {isa = PBXBuildFile; fileRef = 6F54B3C21FB0207C00D821F1 /* NativeAdTestScene.cpp */; };
		6F59E6FB1FA6E75E007D3070 /* FunctionLogger.cpp in Sources */ = {isa = PBXBuildFile; fileRef = 6F59E6F91FA6E75E007D3070 /* FunctionLogger.cpp */; };
		6F59E6FC1FA6E75E007D3070 /* FunctionLogger.cpp in Sources */ = {isa = PBXBuildFile; fileRef = 6F59E6F91FA6E75E007D3070 /* FunctionLogger.cpp */; };
		6FDD65A11F94A3B400BAEA66 /* Utils.cpp in Sources */ = {isa = PBXBuildFile; fileRef = 6FDD659F1F94A3B400BAEA66 /* Utils.cpp */; };
		6FDD65A21F94A3B400BAEA66 /* Utils.cpp in Sources */ = {isa = PBXBuildFile; fileRef = 6FDD659F1F94A3B400BAEA66 /* Utils.cpp */; };
		6FDD65BC1F95A9C300BAEA66 /* admob_native_spin.xib in Resources */ = {isa = PBXBuildFile; fileRef = 6FDD65BB1F95A9C300BAEA66 /* admob_native_spin.xib */; };
		AD0A589020ABE675001D4FD2 /* FirebaseDynamicLink.cpp in Sources */ = {isa = PBXBuildFile; fileRef = AD0A588E20ABE675001D4FD2 /* FirebaseDynamicLink.cpp */; };
		AD18E4082449C177002C7EEB /* GoogleService-Info.plist in Resources */ = {isa = PBXBuildFile; fileRef = AD18E4062449C177002C7EEB /* GoogleService-Info.plist */; };
		AD2CA22B24B3071C00542CB2 /* CoreTester.cpp in Sources */ = {isa = PBXBuildFile; fileRef = AD2CA22924B3071C00542CB2 /* CoreTester.cpp */; };
		AD2CA22C24B3071C00542CB2 /* CoreTester.cpp in Sources */ = {isa = PBXBuildFile; fileRef = AD2CA22924B3071C00542CB2 /* CoreTester.cpp */; };
		AD2CA22F24B3073D00542CB2 /* FirebaseCrashlyticsTester.cpp in Sources */ = {isa = PBXBuildFile; fileRef = AD2CA22D24B3073D00542CB2 /* FirebaseCrashlyticsTester.cpp */; };
		AD2CA24124B3135300542CB2 /* NativeAdTester.cpp in Sources */ = {isa = PBXBuildFile; fileRef = AD2CA23F24B3135300542CB2 /* NativeAdTester.cpp */; };
		AD56EF7A2021647A00DC9B56 /* videos in Resources */ = {isa = PBXBuildFile; fileRef = AD56EF792021647A00DC9B56 /* videos */; };
		AD56EF7B2021647A00DC9B56 /* videos in Resources */ = {isa = PBXBuildFile; fileRef = AD56EF792021647A00DC9B56 /* videos */; };
		AD56EF7E2021649B00DC9B56 /* VideoPlayerTestScene.cpp in Sources */ = {isa = PBXBuildFile; fileRef = AD56EF7C2021649B00DC9B56 /* VideoPlayerTestScene.cpp */; };
		AD56EF7F2021649B00DC9B56 /* VideoPlayerTestScene.cpp in Sources */ = {isa = PBXBuildFile; fileRef = AD56EF7C2021649B00DC9B56 /* VideoPlayerTestScene.cpp */; };
		AD9E6FDB25BEC3E30019EFB0 /* MainScene.cpp in Sources */ = {isa = PBXBuildFile; fileRef = AD9E6FD925BEC3E30019EFB0 /* MainScene.cpp */; };
		AD9E6FDC25BEC3E30019EFB0 /* MainScene.cpp in Sources */ = {isa = PBXBuildFile; fileRef = AD9E6FD925BEC3E30019EFB0 /* MainScene.cpp */; };
		AD9E6FE125BEC7390019EFB0 /* BannerAdScene.cpp in Sources */ = {isa = PBXBuildFile; fileRef = AD9E6FDF25BEC7390019EFB0 /* BannerAdScene.cpp */; };
		AD9E6FE225BEC7390019EFB0 /* BannerAdScene.cpp in Sources */ = {isa = PBXBuildFile; fileRef = AD9E6FDF25BEC7390019EFB0 /* BannerAdScene.cpp */; };
		AD9E6FEF25BECA0E0019EFB0 /* FullScreenAdScene.cpp in Sources */ = {isa = PBXBuildFile; fileRef = AD9E6FED25BECA0E0019EFB0 /* FullScreenAdScene.cpp */; };
		AD9E6FF025BECA0E0019EFB0 /* FullScreenAdScene.cpp in Sources */ = {isa = PBXBuildFile; fileRef = AD9E6FED25BECA0E0019EFB0 /* FullScreenAdScene.cpp */; };
		ADD0F44625BED66500692DF0 /* ads_config_ios.json in Resources */ = {isa = PBXBuildFile; fileRef = ADD0F44425BED66500692DF0 /* ads_config_ios.json */; };
		ADD0F44725BED66500692DF0 /* ads_config_ios.json in Resources */ = {isa = PBXBuildFile; fileRef = ADD0F44425BED66500692DF0 /* ads_config_ios.json */; };
		ADD0F44825BED66500692DF0 /* ads_config_android.json in Resources */ = {isa = PBXBuildFile; fileRef = ADD0F44525BED66500692DF0 /* ads_config_android.json */; };
		ADD0F44925BED66500692DF0 /* ads_config_android.json in Resources */ = {isa = PBXBuildFile; fileRef = ADD0F44525BED66500692DF0 /* ads_config_android.json */; };
		F74C48F59B281A9C7657ACD8 /* libPods-common-ee_x_test_mobile.a in Frameworks */ = {isa = PBXBuildFile; fileRef = FC4A99CCFF33D8ACE28587F3 /* libPods-common-ee_x_test_mobile.a */; };
/* End PBXBuildFile section */

/* Begin PBXContainerItemProxy section */
		4B120C1423D077FD00528149 /* PBXContainerItemProxy */ = {
			isa = PBXContainerItemProxy;
			containerPortal = 4B120C0E23D077FD00528149 /* cocos2d_libs.xcodeproj */;
			proxyType = 2;
			remoteGlobalIDString = 1551A33F158F2AB200E66CFE;
			remoteInfo = "libcocos2d Mac";
		};
		4B120C1623D077FD00528149 /* PBXContainerItemProxy */ = {
			isa = PBXContainerItemProxy;
			containerPortal = 4B120C0E23D077FD00528149 /* cocos2d_libs.xcodeproj */;
			proxyType = 2;
			remoteGlobalIDString = A07A4D641783777C0073F6A7;
			remoteInfo = "libcocos2d iOS";
		};
		4B120C1823D077FD00528149 /* PBXContainerItemProxy */ = {
			isa = PBXContainerItemProxy;
			containerPortal = 4B120C0E23D077FD00528149 /* cocos2d_libs.xcodeproj */;
			proxyType = 2;
			remoteGlobalIDString = 507B40FD1C31BDD30067B53E;
			remoteInfo = "libcocos2d tvOS";
		};
		4B120C1D23D0780D00528149 /* PBXContainerItemProxy */ = {
			isa = PBXContainerItemProxy;
			containerPortal = 4B120C0E23D077FD00528149 /* cocos2d_libs.xcodeproj */;
			proxyType = 1;
			remoteGlobalIDString = 1551A33E158F2AB200E66CFE;
			remoteInfo = "libcocos2d Mac";
		};
		AD7F5F6C2466CF340035253E /* PBXContainerItemProxy */ = {
			isa = PBXContainerItemProxy;
			containerPortal = 4B120C0E23D077FD00528149 /* cocos2d_libs.xcodeproj */;
			proxyType = 1;
			remoteGlobalIDString = A07A4C241783777C0073F6A7;
			remoteInfo = "libcocos2d iOS";
		};
/* End PBXContainerItemProxy section */

/* Begin PBXFileReference section */
		1A9EE02AF42BD8282D9A8F6F /* Pods-common-ee_x_test_mobile.debug.xcconfig */ = {isa = PBXFileReference; includeInIndex = 1; lastKnownFileType = text.xcconfig; name = "Pods-common-ee_x_test_mobile.debug.xcconfig"; path = "Pods/Target Support Files/Pods-common-ee_x_test_mobile/Pods-common-ee_x_test_mobile.debug.xcconfig"; sourceTree = "<group>"; };
		1D6058910D05DD3D006BFB54 /* ee_x_test_mobile.app */ = {isa = PBXFileReference; explicitFileType = wrapper.application; includeInIndex = 0; path = ee_x_test_mobile.app; sourceTree = BUILT_PRODUCTS_DIR; };
		2D2ED7E810414428AC01BFBD /* Pods-ee_x_test_mobile.debug.xcconfig */ = {isa = PBXFileReference; includeInIndex = 1; lastKnownFileType = text.xcconfig; name = "Pods-ee_x_test_mobile.debug.xcconfig"; path = "Pods/Target Support Files/Pods-ee_x_test_mobile/Pods-ee_x_test_mobile.debug.xcconfig"; sourceTree = "<group>"; };
		4B120C0E23D077FD00528149 /* cocos2d_libs.xcodeproj */ = {isa = PBXFileReference; lastKnownFileType = "wrapper.pb-project"; name = cocos2d_libs.xcodeproj; path = ../cocos2d/build/cocos2d_libs.xcodeproj; sourceTree = "<group>"; };
		4B1D9CA923D16F3A00F86027 /* libiconv.tbd */ = {isa = PBXFileReference; lastKnownFileType = "sourcecode.text-based-dylib-definition"; name = libiconv.tbd; path = Platforms/iPhoneOS.platform/Developer/SDKs/iPhoneOS13.0.sdk/usr/lib/libiconv.tbd; sourceTree = DEVELOPER_DIR; };
		4B1D9CAC23D16F5800F86027 /* OpenAL.framework */ = {isa = PBXFileReference; lastKnownFileType = wrapper.framework; name = OpenAL.framework; path = Platforms/iPhoneOS.platform/Developer/SDKs/iPhoneOS13.0.sdk/System/Library/Frameworks/OpenAL.framework; sourceTree = DEVELOPER_DIR; };
		5087E76F17EB910900C73F5D /* ee_x_test_desktop.app */ = {isa = PBXFileReference; explicitFileType = wrapper.application; includeInIndex = 0; path = ee_x_test_desktop.app; sourceTree = BUILT_PRODUCTS_DIR; };
		52167163293AEFE6F03BAF78 /* libPods-common-ee_x_test_desktop.a */ = {isa = PBXFileReference; explicitFileType = archive.ar; includeInIndex = 0; path = "libPods-common-ee_x_test_desktop.a"; sourceTree = BUILT_PRODUCTS_DIR; };
		56E1D5E9DC05F65C76588FC1 /* Pods-ee_x_test_desktop.debug.xcconfig */ = {isa = PBXFileReference; includeInIndex = 1; lastKnownFileType = text.xcconfig; name = "Pods-ee_x_test_desktop.debug.xcconfig"; path = "Pods/Target Support Files/Pods-ee_x_test_desktop/Pods-ee_x_test_desktop.debug.xcconfig"; sourceTree = "<group>"; };
		6D25545ECF195B5DA0EB9CB5 /* libPods-ee_x_test_desktop.a */ = {isa = PBXFileReference; explicitFileType = archive.ar; includeInIndex = 0; path = "libPods-ee_x_test_desktop.a"; sourceTree = BUILT_PRODUCTS_DIR; };
		6F2580221ECBFBAC00B910F9 /* Info.plist */ = {isa = PBXFileReference; lastKnownFileType = text.plist.xml; name = Info.plist; path = ios/Info.plist; sourceTree = SOURCE_ROOT; };
		6F2580231ECBFC9A00B910F9 /* main.mm */ = {isa = PBXFileReference; fileEncoding = 4; lastKnownFileType = sourcecode.cpp.objcpp; path = main.mm; sourceTree = "<group>"; };
		6F25802B1ECBFF8C00B910F9 /* AppController.mm */ = {isa = PBXFileReference; fileEncoding = 4; lastKnownFileType = sourcecode.cpp.objcpp; path = AppController.mm; sourceTree = "<group>"; };
		6F25802C1ECBFF8C00B910F9 /* AppController.h */ = {isa = PBXFileReference; fileEncoding = 4; lastKnownFileType = sourcecode.c.h; path = AppController.h; sourceTree = "<group>"; };
		6F25802E1ECBFFAE00B910F9 /* main.m */ = {isa = PBXFileReference; fileEncoding = 4; lastKnownFileType = sourcecode.c.objc; path = main.m; sourceTree = "<group>"; };
		6F2580301ECC019000B910F9 /* NotificationTester.cpp */ = {isa = PBXFileReference; fileEncoding = 4; lastKnownFileType = sourcecode.cpp.cpp; path = NotificationTester.cpp; sourceTree = "<group>"; };
		6F2580311ECC019000B910F9 /* NotificationTester.hpp */ = {isa = PBXFileReference; fileEncoding = 4; lastKnownFileType = sourcecode.cpp.h; path = NotificationTester.hpp; sourceTree = "<group>"; };
		6F25803D1ECC2DC400B910F9 /* AppDelegate.cpp */ = {isa = PBXFileReference; fileEncoding = 4; lastKnownFileType = sourcecode.cpp.cpp; path = AppDelegate.cpp; sourceTree = "<group>"; };
		6F25803E1ECC2DC400B910F9 /* AppDelegate.hpp */ = {isa = PBXFileReference; fileEncoding = 4; lastKnownFileType = sourcecode.cpp.h; path = AppDelegate.hpp; sourceTree = "<group>"; };
		6F25804B1ECC4E7200B910F9 /* main */ = {isa = PBXFileReference; lastKnownFileType = folder; name = main; path = ../proj.android_studio/app/src/main; sourceTree = "<group>"; };
		6F426E1F1F8B56B2009E202A /* RootViewController.mm */ = {isa = PBXFileReference; fileEncoding = 4; lastKnownFileType = sourcecode.cpp.objcpp; path = RootViewController.mm; sourceTree = "<group>"; };
		6F426E201F8B56B2009E202A /* RootViewController.h */ = {isa = PBXFileReference; fileEncoding = 4; lastKnownFileType = sourcecode.c.h; path = RootViewController.h; sourceTree = "<group>"; };
		6F426E2B1F8B5978009E202A /* fb_native_pause.xib */ = {isa = PBXFileReference; fileEncoding = 4; lastKnownFileType = file.xib; path = fb_native_pause.xib; sourceTree = "<group>"; };
		6F426E2C1F8B5978009E202A /* fb_native_spin.xib */ = {isa = PBXFileReference; fileEncoding = 4; lastKnownFileType = file.xib; path = fb_native_spin.xib; sourceTree = "<group>"; };
		6F54B3BF1FB0153800D821F1 /* images */ = {isa = PBXFileReference; lastKnownFileType = folder; path = images; sourceTree = "<group>"; };
		6F54B3C21FB0207C00D821F1 /* NativeAdTestScene.cpp */ = {isa = PBXFileReference; fileEncoding = 4; lastKnownFileType = sourcecode.cpp.cpp; path = NativeAdTestScene.cpp; sourceTree = "<group>"; };
		6F54B3C31FB0207C00D821F1 /* NativeAdTestScene.hpp */ = {isa = PBXFileReference; fileEncoding = 4; lastKnownFileType = sourcecode.cpp.h; path = NativeAdTestScene.hpp; sourceTree = "<group>"; };
		6F59E6F91FA6E75E007D3070 /* FunctionLogger.cpp */ = {isa = PBXFileReference; fileEncoding = 4; lastKnownFileType = sourcecode.cpp.cpp; path = FunctionLogger.cpp; sourceTree = "<group>"; };
		6F59E6FA1FA6E75E007D3070 /* FunctionLogger.hpp */ = {isa = PBXFileReference; fileEncoding = 4; lastKnownFileType = sourcecode.cpp.h; path = FunctionLogger.hpp; sourceTree = "<group>"; };
		6F5B40C81E8E33E200137F30 /* Info.plist */ = {isa = PBXFileReference; lastKnownFileType = text.plist.xml; name = Info.plist; path = mac/Info.plist; sourceTree = "<group>"; };
		6FDD659F1F94A3B400BAEA66 /* Utils.cpp */ = {isa = PBXFileReference; fileEncoding = 4; lastKnownFileType = sourcecode.cpp.cpp; path = Utils.cpp; sourceTree = "<group>"; };
		6FDD65A01F94A3B400BAEA66 /* Utils.hpp */ = {isa = PBXFileReference; fileEncoding = 4; lastKnownFileType = sourcecode.cpp.h; path = Utils.hpp; sourceTree = "<group>"; };
		6FDD65BB1F95A9C300BAEA66 /* admob_native_spin.xib */ = {isa = PBXFileReference; fileEncoding = 4; lastKnownFileType = file.xib; path = admob_native_spin.xib; sourceTree = "<group>"; };
		82B010BBDE4CA3D417D178FF /* Pods-common-ee_x_test_mobile.release.xcconfig */ = {isa = PBXFileReference; includeInIndex = 1; lastKnownFileType = text.xcconfig; name = "Pods-common-ee_x_test_mobile.release.xcconfig"; path = "Pods/Target Support Files/Pods-common-ee_x_test_mobile/Pods-common-ee_x_test_mobile.release.xcconfig"; sourceTree = "<group>"; };
		85B4D1CDDFC900412D1C245B /* libPods-ee_x_test_mobile.a */ = {isa = PBXFileReference; explicitFileType = archive.ar; includeInIndex = 0; path = "libPods-ee_x_test_mobile.a"; sourceTree = BUILT_PRODUCTS_DIR; };
		8B94EDA7D814D9176338E5D0 /* Pods-common-ee_x_test_desktop.release.xcconfig */ = {isa = PBXFileReference; includeInIndex = 1; lastKnownFileType = text.xcconfig; name = "Pods-common-ee_x_test_desktop.release.xcconfig"; path = "Pods/Target Support Files/Pods-common-ee_x_test_desktop/Pods-common-ee_x_test_desktop.release.xcconfig"; sourceTree = "<group>"; };
		9AD6A2AA09F9B4B017CDA4D4 /* Pods-ee_x_test_desktop.release.xcconfig */ = {isa = PBXFileReference; includeInIndex = 1; lastKnownFileType = text.xcconfig; name = "Pods-ee_x_test_desktop.release.xcconfig"; path = "Pods/Target Support Files/Pods-ee_x_test_desktop/Pods-ee_x_test_desktop.release.xcconfig"; sourceTree = "<group>"; };
		AD0A588E20ABE675001D4FD2 /* FirebaseDynamicLink.cpp */ = {isa = PBXFileReference; lastKnownFileType = sourcecode.cpp.cpp; path = FirebaseDynamicLink.cpp; sourceTree = "<group>"; };
		AD0A588F20ABE675001D4FD2 /* FirebaseDynamicLink.hpp */ = {isa = PBXFileReference; lastKnownFileType = sourcecode.cpp.h; path = FirebaseDynamicLink.hpp; sourceTree = "<group>"; };
		AD18E4062449C177002C7EEB /* GoogleService-Info.plist */ = {isa = PBXFileReference; lastKnownFileType = text.plist; name = "GoogleService-Info.plist"; path = "ios/GoogleService-Info.plist"; sourceTree = SOURCE_ROOT; };
		AD2CA22924B3071C00542CB2 /* CoreTester.cpp */ = {isa = PBXFileReference; lastKnownFileType = sourcecode.cpp.cpp; path = CoreTester.cpp; sourceTree = "<group>"; };
		AD2CA22A24B3071C00542CB2 /* CoreTester.hpp */ = {isa = PBXFileReference; lastKnownFileType = sourcecode.cpp.h; path = CoreTester.hpp; sourceTree = "<group>"; };
		AD2CA22D24B3073D00542CB2 /* FirebaseCrashlyticsTester.cpp */ = {isa = PBXFileReference; lastKnownFileType = sourcecode.cpp.cpp; path = FirebaseCrashlyticsTester.cpp; sourceTree = "<group>"; };
		AD2CA22E24B3073D00542CB2 /* FirebaseCrashlyticsTester.hpp */ = {isa = PBXFileReference; lastKnownFileType = sourcecode.cpp.h; path = FirebaseCrashlyticsTester.hpp; sourceTree = "<group>"; };
		AD2CA23224B3077E00542CB2 /* ITester.hpp */ = {isa = PBXFileReference; lastKnownFileType = sourcecode.cpp.h; path = ITester.hpp; sourceTree = "<group>"; };
		AD2CA23824B30A1400542CB2 /* AppMacro.hpp */ = {isa = PBXFileReference; lastKnownFileType = sourcecode.cpp.h; path = AppMacro.hpp; sourceTree = "<group>"; };
		AD2CA23F24B3135300542CB2 /* NativeAdTester.cpp */ = {isa = PBXFileReference; lastKnownFileType = sourcecode.cpp.cpp; path = NativeAdTester.cpp; sourceTree = "<group>"; };
		AD2CA24024B3135300542CB2 /* NativeAdTester.hpp */ = {isa = PBXFileReference; lastKnownFileType = sourcecode.cpp.h; path = NativeAdTester.hpp; sourceTree = "<group>"; };
		AD56EF792021647A00DC9B56 /* videos */ = {isa = PBXFileReference; lastKnownFileType = folder; path = videos; sourceTree = "<group>"; };
		AD56EF7C2021649B00DC9B56 /* VideoPlayerTestScene.cpp */ = {isa = PBXFileReference; lastKnownFileType = sourcecode.cpp.cpp; path = VideoPlayerTestScene.cpp; sourceTree = "<group>"; };
		AD56EF7D2021649B00DC9B56 /* VideoPlayerTestScene.hpp */ = {isa = PBXFileReference; lastKnownFileType = sourcecode.cpp.h; path = VideoPlayerTestScene.hpp; sourceTree = "<group>"; };
		AD9E6FD925BEC3E30019EFB0 /* MainScene.cpp */ = {isa = PBXFileReference; lastKnownFileType = sourcecode.cpp.cpp; path = MainScene.cpp; sourceTree = "<group>"; };
		AD9E6FDA25BEC3E30019EFB0 /* MainScene.hpp */ = {isa = PBXFileReference; lastKnownFileType = sourcecode.cpp.h; path = MainScene.hpp; sourceTree = "<group>"; };
		AD9E6FDF25BEC7390019EFB0 /* BannerAdScene.cpp */ = {isa = PBXFileReference; lastKnownFileType = sourcecode.cpp.cpp; path = BannerAdScene.cpp; sourceTree = "<group>"; };
		AD9E6FE025BEC7390019EFB0 /* BannerAdScene.hpp */ = {isa = PBXFileReference; lastKnownFileType = sourcecode.cpp.h; path = BannerAdScene.hpp; sourceTree = "<group>"; };
		AD9E6FED25BECA0E0019EFB0 /* FullScreenAdScene.cpp */ = {isa = PBXFileReference; lastKnownFileType = sourcecode.cpp.cpp; path = FullScreenAdScene.cpp; sourceTree = "<group>"; };
		AD9E6FEE25BECA0E0019EFB0 /* FullScreenAdScene.hpp */ = {isa = PBXFileReference; lastKnownFileType = sourcecode.cpp.h; path = FullScreenAdScene.hpp; sourceTree = "<group>"; };
		ADD0F44425BED66500692DF0 /* ads_config_ios.json */ = {isa = PBXFileReference; fileEncoding = 4; lastKnownFileType = text.json; path = ads_config_ios.json; sourceTree = "<group>"; };
		ADD0F44525BED66500692DF0 /* ads_config_android.json */ = {isa = PBXFileReference; fileEncoding = 4; lastKnownFileType = text.json; path = ads_config_android.json; sourceTree = "<group>"; };
		BC44458B9751F576980C8B9D /* Pods-ee_x_test_mobile.release.xcconfig */ = {isa = PBXFileReference; includeInIndex = 1; lastKnownFileType = text.xcconfig; name = "Pods-ee_x_test_mobile.release.xcconfig"; path = "Pods/Target Support Files/Pods-ee_x_test_mobile/Pods-ee_x_test_mobile.release.xcconfig"; sourceTree = "<group>"; };
		EF08DE0B7A9A2F319B653225 /* Pods-common-ee_x_test_desktop.debug.xcconfig */ = {isa = PBXFileReference; includeInIndex = 1; lastKnownFileType = text.xcconfig; name = "Pods-common-ee_x_test_desktop.debug.xcconfig"; path = "Pods/Target Support Files/Pods-common-ee_x_test_desktop/Pods-common-ee_x_test_desktop.debug.xcconfig"; sourceTree = "<group>"; };
		FC4A99CCFF33D8ACE28587F3 /* libPods-common-ee_x_test_mobile.a */ = {isa = PBXFileReference; explicitFileType = archive.ar; includeInIndex = 0; path = "libPods-common-ee_x_test_mobile.a"; sourceTree = BUILT_PRODUCTS_DIR; };
/* End PBXFileReference section */

/* Begin PBXFrameworksBuildPhase section */
		1D60588F0D05DD3D006BFB54 /* Frameworks */ = {
			isa = PBXFrameworksBuildPhase;
			buildActionMask = 2147483647;
			files = (
				4B120C1C23D0780900528149 /* libcocos2d iOS.a in Frameworks */,
				F74C48F59B281A9C7657ACD8 /* libPods-common-ee_x_test_mobile.a in Frameworks */,
			);
			runOnlyForDeploymentPostprocessing = 0;
		};
		5087E75C17EB910900C73F5D /* Frameworks */ = {
			isa = PBXFrameworksBuildPhase;
			buildActionMask = 2147483647;
			files = (
				4B120C1F23D0781000528149 /* libcocos2d Mac.a in Frameworks */,
				1B2C1B6D411EAC74A9F056A6 /* libPods-common-ee_x_test_desktop.a in Frameworks */,
			);
			runOnlyForDeploymentPostprocessing = 0;
		};
/* End PBXFrameworksBuildPhase section */

/* Begin PBXGroup section */
		080E96DDFE201D6D7F000001 /* ios */ = {
			isa = PBXGroup;
			children = (
				AD18E4062449C177002C7EEB /* GoogleService-Info.plist */,
				6F2580221ECBFBAC00B910F9 /* Info.plist */,
				6F5B40CE1E8E346600137F30 /* src */,
			);
			name = ios;
			sourceTree = "<group>";
		};
		19C28FACFE9D520D11CA2CBB /* Products */ = {
			isa = PBXGroup;
			children = (
				1D6058910D05DD3D006BFB54 /* ee_x_test_mobile.app */,
				5087E76F17EB910900C73F5D /* ee_x_test_desktop.app */,
			);
			name = Products;
			sourceTree = "<group>";
		};
		29B97314FDCFA39411CA2CEA = {
			isa = PBXGroup;
			children = (
				4B120C0E23D077FD00528149 /* cocos2d_libs.xcodeproj */,
				46880B8319C43A87006E1F66 /* Classes */,
				46880B7519C43A67006E1F66 /* Resources */,
				6F25804B1ECC4E7200B910F9 /* main */,
				080E96DDFE201D6D7F000001 /* ios */,
				29B97323FDCFA39411CA2CEA /* Frameworks */,
				503AE10617EB990700D1A890 /* mac */,
				19C28FACFE9D520D11CA2CBB /* Products */,
				C76671CF600AAB2EDD769DA6 /* Pods */,
			);
			name = CustomTemplate;
			sourceTree = "<group>";
		};
		29B97323FDCFA39411CA2CEA /* Frameworks */ = {
			isa = PBXGroup;
			children = (
				4B1D9CAC23D16F5800F86027 /* OpenAL.framework */,
				4B1D9CA923D16F3A00F86027 /* libiconv.tbd */,
				6D25545ECF195B5DA0EB9CB5 /* libPods-ee_x_test_desktop.a */,
				85B4D1CDDFC900412D1C245B /* libPods-ee_x_test_mobile.a */,
				52167163293AEFE6F03BAF78 /* libPods-common-ee_x_test_desktop.a */,
				FC4A99CCFF33D8ACE28587F3 /* libPods-common-ee_x_test_mobile.a */,
			);
			name = Frameworks;
			sourceTree = "<group>";
		};
		46880B7519C43A67006E1F66 /* Resources */ = {
			isa = PBXGroup;
			children = (
				ADD0F43025BED34300692DF0 /* config */,
				AD56EF792021647A00DC9B56 /* videos */,
				6F54B3BF1FB0153800D821F1 /* images */,
				6F426E2A1F8B5978009E202A /* layouts */,
			);
			name = Resources;
			path = ../Resources;
			sourceTree = "<group>";
		};
		46880B8319C43A87006E1F66 /* Classes */ = {
			isa = PBXGroup;
			children = (
				AD2CA23824B30A1400542CB2 /* AppMacro.hpp */,
				AD2CA22224B2E44100542CB2 /* tester */,
				6F25803D1ECC2DC400B910F9 /* AppDelegate.cpp */,
				6F25803E1ECC2DC400B910F9 /* AppDelegate.hpp */,
				6FDD659F1F94A3B400BAEA66 /* Utils.cpp */,
				6FDD65A01F94A3B400BAEA66 /* Utils.hpp */,
				6F59E6F91FA6E75E007D3070 /* FunctionLogger.cpp */,
				6F59E6FA1FA6E75E007D3070 /* FunctionLogger.hpp */,
				6F54B3C21FB0207C00D821F1 /* NativeAdTestScene.cpp */,
				6F54B3C31FB0207C00D821F1 /* NativeAdTestScene.hpp */,
				AD56EF7C2021649B00DC9B56 /* VideoPlayerTestScene.cpp */,
				AD56EF7D2021649B00DC9B56 /* VideoPlayerTestScene.hpp */,
				AD0A588E20ABE675001D4FD2 /* FirebaseDynamicLink.cpp */,
				AD0A588F20ABE675001D4FD2 /* FirebaseDynamicLink.hpp */,
				AD9E6FD925BEC3E30019EFB0 /* MainScene.cpp */,
				AD9E6FDA25BEC3E30019EFB0 /* MainScene.hpp */,
				AD9E6FDF25BEC7390019EFB0 /* BannerAdScene.cpp */,
				AD9E6FE025BEC7390019EFB0 /* BannerAdScene.hpp */,
				AD9E6FED25BECA0E0019EFB0 /* FullScreenAdScene.cpp */,
				AD9E6FEE25BECA0E0019EFB0 /* FullScreenAdScene.hpp */,
			);
			name = Classes;
			path = ../Classes;
			sourceTree = "<group>";
		};
		4B120C0F23D077FD00528149 /* Products */ = {
			isa = PBXGroup;
			children = (
				4B120C1523D077FD00528149 /* libcocos2d Mac.a */,
				4B120C1723D077FD00528149 /* libcocos2d iOS.a */,
				4B120C1923D077FD00528149 /* libcocos2d tvOS.a */,
			);
			name = Products;
			sourceTree = "<group>";
		};
		503AE10617EB990700D1A890 /* mac */ = {
			isa = PBXGroup;
			children = (
				6F5B40C81E8E33E200137F30 /* Info.plist */,
				6F5B40C91E8E33E200137F30 /* src */,
			);
			name = mac;
			sourceTree = "<group>";
		};
		6F426E2A1F8B5978009E202A /* layouts */ = {
			isa = PBXGroup;
			children = (
				6F426E2B1F8B5978009E202A /* fb_native_pause.xib */,
				6F426E2C1F8B5978009E202A /* fb_native_spin.xib */,
				6FDD65BB1F95A9C300BAEA66 /* admob_native_spin.xib */,
			);
			path = layouts;
			sourceTree = "<group>";
		};
		6F5B40C91E8E33E200137F30 /* src */ = {
			isa = PBXGroup;
			children = (
				6F2580231ECBFC9A00B910F9 /* main.mm */,
			);
			name = src;
			path = mac/src;
			sourceTree = "<group>";
		};
		6F5B40CE1E8E346600137F30 /* src */ = {
			isa = PBXGroup;
			children = (
				6F25802B1ECBFF8C00B910F9 /* AppController.mm */,
				6F25802C1ECBFF8C00B910F9 /* AppController.h */,
				6F25802E1ECBFFAE00B910F9 /* main.m */,
				6F426E201F8B56B2009E202A /* RootViewController.h */,
				6F426E1F1F8B56B2009E202A /* RootViewController.mm */,
			);
			name = src;
			path = ios/src;
			sourceTree = SOURCE_ROOT;
		};
		AD2CA22224B2E44100542CB2 /* tester */ = {
			isa = PBXGroup;
			children = (
				AD2CA23224B3077E00542CB2 /* ITester.hpp */,
				AD2CA23F24B3135300542CB2 /* NativeAdTester.cpp */,
				AD2CA24024B3135300542CB2 /* NativeAdTester.hpp */,
				AD2CA22924B3071C00542CB2 /* CoreTester.cpp */,
				AD2CA22A24B3071C00542CB2 /* CoreTester.hpp */,
				AD2CA22D24B3073D00542CB2 /* FirebaseCrashlyticsTester.cpp */,
				AD2CA22E24B3073D00542CB2 /* FirebaseCrashlyticsTester.hpp */,
				6F2580301ECC019000B910F9 /* NotificationTester.cpp */,
				6F2580311ECC019000B910F9 /* NotificationTester.hpp */,
			);
			path = tester;
			sourceTree = "<group>";
		};
		ADD0F43025BED34300692DF0 /* config */ = {
			isa = PBXGroup;
			children = (
				ADD0F44525BED66500692DF0 /* ads_config_android.json */,
				ADD0F44425BED66500692DF0 /* ads_config_ios.json */,
			);
			path = config;
			sourceTree = "<group>";
		};
		C76671CF600AAB2EDD769DA6 /* Pods */ = {
			isa = PBXGroup;
			children = (
				56E1D5E9DC05F65C76588FC1 /* Pods-ee_x_test_desktop.debug.xcconfig */,
				9AD6A2AA09F9B4B017CDA4D4 /* Pods-ee_x_test_desktop.release.xcconfig */,
				2D2ED7E810414428AC01BFBD /* Pods-ee_x_test_mobile.debug.xcconfig */,
				BC44458B9751F576980C8B9D /* Pods-ee_x_test_mobile.release.xcconfig */,
				EF08DE0B7A9A2F319B653225 /* Pods-common-ee_x_test_desktop.debug.xcconfig */,
				8B94EDA7D814D9176338E5D0 /* Pods-common-ee_x_test_desktop.release.xcconfig */,
				1A9EE02AF42BD8282D9A8F6F /* Pods-common-ee_x_test_mobile.debug.xcconfig */,
				82B010BBDE4CA3D417D178FF /* Pods-common-ee_x_test_mobile.release.xcconfig */,
			);
			name = Pods;
			sourceTree = "<group>";
		};
/* End PBXGroup section */

/* Begin PBXNativeTarget section */
		1D6058900D05DD3D006BFB54 /* ee_x_test_mobile */ = {
			isa = PBXNativeTarget;
			buildConfigurationList = 1D6058960D05DD3E006BFB54 /* Build configuration list for PBXNativeTarget "ee_x_test_mobile" */;
			buildPhases = (
				87F46DAB172BF0BEB80321B9 /* [CP] Check Pods Manifest.lock */,
				1D60588D0D05DD3D006BFB54 /* Resources */,
				1D60588E0D05DD3D006BFB54 /* Sources */,
				1D60588F0D05DD3D006BFB54 /* Frameworks */,
				29B89FD91C686BA07B51266E /* [CP] Copy Pods Resources */,
			);
			buildRules = (
			);
			dependencies = (
				AD7F5F6D2466CF340035253E /* PBXTargetDependency */,
			);
			name = ee_x_test_mobile;
			productName = iphone;
			productReference = 1D6058910D05DD3D006BFB54 /* ee_x_test_mobile.app */;
			productType = "com.apple.product-type.application";
		};
		5087E73D17EB910900C73F5D /* ee_x_test_desktop */ = {
			isa = PBXNativeTarget;
			buildConfigurationList = 5087E76C17EB910900C73F5D /* Build configuration list for PBXNativeTarget "ee_x_test_desktop" */;
			buildPhases = (
				7972B1E67F2A6BB2D98900DC /* [CP] Check Pods Manifest.lock */,
				5087E74817EB910900C73F5D /* Resources */,
				5087E75617EB910900C73F5D /* Sources */,
				5087E75C17EB910900C73F5D /* Frameworks */,
				0FDF13B023412345D2973B6E /* [CP] Copy Pods Resources */,
			);
			buildRules = (
			);
			dependencies = (
				4B120C1E23D0780D00528149 /* PBXTargetDependency */,
			);
			name = ee_x_test_desktop;
			productName = iphone;
			productReference = 5087E76F17EB910900C73F5D /* ee_x_test_desktop.app */;
			productType = "com.apple.product-type.application";
		};
/* End PBXNativeTarget section */

/* Begin PBXProject section */
		29B97313FDCFA39411CA2CEA /* Project object */ = {
			isa = PBXProject;
			attributes = {
				LastUpgradeCheck = 0720;
				TargetAttributes = {
					1D6058900D05DD3D006BFB54 = {
						DevelopmentTeam = 3P4Y2KDTFU;
						ProvisioningStyle = Automatic;
						SystemCapabilities = {
							com.apple.BackgroundModes = {
								enabled = 0;
							};
							com.apple.GameCenter = {
								enabled = 0;
							};
							com.apple.Push = {
								enabled = 0;
							};
						};
					};
				};
			};
			buildConfigurationList = C01FCF4E08A954540054247B /* Build configuration list for PBXProject "ee_x_test" */;
			compatibilityVersion = "Xcode 3.2";
			developmentRegion = English;
			hasScannedForEncodings = 1;
			knownRegions = (
				English,
				Japanese,
				French,
				German,
				ar,
				ca,
				cs,
				da,
				de,
				el,
				en,
				es,
				fi,
				fr,
				he,
				hu,
				id,
				it,
				ja,
				ko,
				ms,
				nb,
				nl,
				pl,
				"pt-BR",
				pt,
				ro,
				ru,
				sk,
				sv,
				th,
				tr,
				uk,
				vi,
				"zh-Hans",
				"zh-Hant",
				en_AU,
				en_GB,
				es_MX,
				hr,
				iw,
				pt_PT,
				zh_CN,
				zh_TW,
			);
			mainGroup = 29B97314FDCFA39411CA2CEA;
			productRefGroup = 19C28FACFE9D520D11CA2CBB /* Products */;
			projectDirPath = "";
			projectReferences = (
				{
					ProductGroup = 4B120C0F23D077FD00528149 /* Products */;
					ProjectRef = 4B120C0E23D077FD00528149 /* cocos2d_libs.xcodeproj */;
				},
			);
			projectRoot = "";
			targets = (
				1D6058900D05DD3D006BFB54 /* ee_x_test_mobile */,
				5087E73D17EB910900C73F5D /* ee_x_test_desktop */,
			);
		};
/* End PBXProject section */

/* Begin PBXReferenceProxy section */
		4B120C1523D077FD00528149 /* libcocos2d Mac.a */ = {
			isa = PBXReferenceProxy;
			fileType = archive.ar;
			path = "libcocos2d Mac.a";
			remoteRef = 4B120C1423D077FD00528149 /* PBXContainerItemProxy */;
			sourceTree = BUILT_PRODUCTS_DIR;
		};
		4B120C1723D077FD00528149 /* libcocos2d iOS.a */ = {
			isa = PBXReferenceProxy;
			fileType = archive.ar;
			path = "libcocos2d iOS.a";
			remoteRef = 4B120C1623D077FD00528149 /* PBXContainerItemProxy */;
			sourceTree = BUILT_PRODUCTS_DIR;
		};
		4B120C1923D077FD00528149 /* libcocos2d tvOS.a */ = {
			isa = PBXReferenceProxy;
			fileType = archive.ar;
			path = "libcocos2d tvOS.a";
			remoteRef = 4B120C1823D077FD00528149 /* PBXContainerItemProxy */;
			sourceTree = BUILT_PRODUCTS_DIR;
		};
/* End PBXReferenceProxy section */

/* Begin PBXResourcesBuildPhase section */
		1D60588D0D05DD3D006BFB54 /* Resources */ = {
			isa = PBXResourcesBuildPhase;
			buildActionMask = 2147483647;
			files = (
				AD56EF7A2021647A00DC9B56 /* videos in Resources */,
				6F54B3C01FB0153800D821F1 /* images in Resources */,
				6F426E2E1F8B5978009E202A /* fb_native_spin.xib in Resources */,
				6FDD65BC1F95A9C300BAEA66 /* admob_native_spin.xib in Resources */,
				ADD0F44825BED66500692DF0 /* ads_config_android.json in Resources */,
				6F426E2D1F8B5978009E202A /* fb_native_pause.xib in Resources */,
				AD18E4082449C177002C7EEB /* GoogleService-Info.plist in Resources */,
				ADD0F44625BED66500692DF0 /* ads_config_ios.json in Resources */,
			);
			runOnlyForDeploymentPostprocessing = 0;
		};
		5087E74817EB910900C73F5D /* Resources */ = {
			isa = PBXResourcesBuildPhase;
			buildActionMask = 2147483647;
			files = (
				ADD0F44925BED66500692DF0 /* ads_config_android.json in Resources */,
				AD56EF7B2021647A00DC9B56 /* videos in Resources */,
				ADD0F44725BED66500692DF0 /* ads_config_ios.json in Resources */,
				6F54B3C11FB0153800D821F1 /* images in Resources */,
			);
			runOnlyForDeploymentPostprocessing = 0;
		};
/* End PBXResourcesBuildPhase section */

/* Begin PBXShellScriptBuildPhase section */
		0FDF13B023412345D2973B6E /* [CP] Copy Pods Resources */ = {
			isa = PBXShellScriptBuildPhase;
			buildActionMask = 2147483647;
			files = (
			);
			inputPaths = (
				"${PODS_ROOT}/Target Support Files/Pods-common-ee_x_test_desktop/Pods-common-ee_x_test_desktop-resources.sh",
				"${PODS_ROOT}/../../../../res/stars_3_5.png",
				"${PODS_ROOT}/../../../../res/stars_4.png",
				"${PODS_ROOT}/../../../../res/stars_4_5.png",
				"${PODS_ROOT}/../../../../res/stars_5.png",
			);
			name = "[CP] Copy Pods Resources";
			outputPaths = (
				"${TARGET_BUILD_DIR}/${UNLOCALIZED_RESOURCES_FOLDER_PATH}/stars_3_5.png",
				"${TARGET_BUILD_DIR}/${UNLOCALIZED_RESOURCES_FOLDER_PATH}/stars_4.png",
				"${TARGET_BUILD_DIR}/${UNLOCALIZED_RESOURCES_FOLDER_PATH}/stars_4_5.png",
				"${TARGET_BUILD_DIR}/${UNLOCALIZED_RESOURCES_FOLDER_PATH}/stars_5.png",
			);
			runOnlyForDeploymentPostprocessing = 0;
			shellPath = /bin/sh;
			shellScript = "\"${PODS_ROOT}/Target Support Files/Pods-common-ee_x_test_desktop/Pods-common-ee_x_test_desktop-resources.sh\"\n";
			showEnvVarsInLog = 0;
		};
		29B89FD91C686BA07B51266E /* [CP] Copy Pods Resources */ = {
			isa = PBXShellScriptBuildPhase;
			buildActionMask = 2147483647;
			files = (
			);
			inputPaths = (
				"${PODS_ROOT}/Target Support Files/Pods-common-ee_x_test_mobile/Pods-common-ee_x_test_mobile-resources.sh",
				"${PODS_ROOT}/AppLovinSDK/applovin-ios-sdk-6.14.11/AppLovinSDKResources.bundle",
				"${PODS_ROOT}/FBSDKCoreKit/FacebookSDKStrings.bundle",
				"${PODS_ROOT}/TPInAppReceipt/Sources/AppleIncRootCertificate.cer",
				"${PODS_ROOT}/TPInAppReceipt/Sources/StoreKitTestCertificate.cer",
				"${PODS_ROOT}/../../../../res/stars_3_5.png",
				"${PODS_ROOT}/../../../../res/stars_4.png",
				"${PODS_ROOT}/../../../../res/stars_4_5.png",
				"${PODS_ROOT}/../../../../res/stars_5.png",
			);
			name = "[CP] Copy Pods Resources";
			outputPaths = (
				"${TARGET_BUILD_DIR}/${UNLOCALIZED_RESOURCES_FOLDER_PATH}/AppLovinSDKResources.bundle",
				"${TARGET_BUILD_DIR}/${UNLOCALIZED_RESOURCES_FOLDER_PATH}/FacebookSDKStrings.bundle",
				"${TARGET_BUILD_DIR}/${UNLOCALIZED_RESOURCES_FOLDER_PATH}/AppleIncRootCertificate.cer",
				"${TARGET_BUILD_DIR}/${UNLOCALIZED_RESOURCES_FOLDER_PATH}/StoreKitTestCertificate.cer",
				"${TARGET_BUILD_DIR}/${UNLOCALIZED_RESOURCES_FOLDER_PATH}/stars_3_5.png",
				"${TARGET_BUILD_DIR}/${UNLOCALIZED_RESOURCES_FOLDER_PATH}/stars_4.png",
				"${TARGET_BUILD_DIR}/${UNLOCALIZED_RESOURCES_FOLDER_PATH}/stars_4_5.png",
				"${TARGET_BUILD_DIR}/${UNLOCALIZED_RESOURCES_FOLDER_PATH}/stars_5.png",
			);
			runOnlyForDeploymentPostprocessing = 0;
			shellPath = /bin/sh;
			shellScript = "\"${PODS_ROOT}/Target Support Files/Pods-common-ee_x_test_mobile/Pods-common-ee_x_test_mobile-resources.sh\"\n";
			showEnvVarsInLog = 0;
		};
		7972B1E67F2A6BB2D98900DC /* [CP] Check Pods Manifest.lock */ = {
			isa = PBXShellScriptBuildPhase;
			buildActionMask = 2147483647;
			files = (
			);
			inputPaths = (
				"${PODS_PODFILE_DIR_PATH}/Podfile.lock",
				"${PODS_ROOT}/Manifest.lock",
			);
			name = "[CP] Check Pods Manifest.lock";
			outputPaths = (
				"$(DERIVED_FILE_DIR)/Pods-common-ee_x_test_desktop-checkManifestLockResult.txt",
			);
			runOnlyForDeploymentPostprocessing = 0;
			shellPath = /bin/sh;
			shellScript = "diff \"${PODS_PODFILE_DIR_PATH}/Podfile.lock\" \"${PODS_ROOT}/Manifest.lock\" > /dev/null\nif [ $? != 0 ] ; then\n    # print error to STDERR\n    echo \"error: The sandbox is not in sync with the Podfile.lock. Run 'pod install' or update your CocoaPods installation.\" >&2\n    exit 1\nfi\n# This output is used by Xcode 'outputs' to avoid re-running this script phase.\necho \"SUCCESS\" > \"${SCRIPT_OUTPUT_FILE_0}\"\n";
			showEnvVarsInLog = 0;
		};
		87F46DAB172BF0BEB80321B9 /* [CP] Check Pods Manifest.lock */ = {
			isa = PBXShellScriptBuildPhase;
			buildActionMask = 2147483647;
			files = (
			);
			inputPaths = (
				"${PODS_PODFILE_DIR_PATH}/Podfile.lock",
				"${PODS_ROOT}/Manifest.lock",
			);
			name = "[CP] Check Pods Manifest.lock";
			outputPaths = (
				"$(DERIVED_FILE_DIR)/Pods-common-ee_x_test_mobile-checkManifestLockResult.txt",
			);
			runOnlyForDeploymentPostprocessing = 0;
			shellPath = /bin/sh;
			shellScript = "diff \"${PODS_PODFILE_DIR_PATH}/Podfile.lock\" \"${PODS_ROOT}/Manifest.lock\" > /dev/null\nif [ $? != 0 ] ; then\n    # print error to STDERR\n    echo \"error: The sandbox is not in sync with the Podfile.lock. Run 'pod install' or update your CocoaPods installation.\" >&2\n    exit 1\nfi\n# This output is used by Xcode 'outputs' to avoid re-running this script phase.\necho \"SUCCESS\" > \"${SCRIPT_OUTPUT_FILE_0}\"\n";
			showEnvVarsInLog = 0;
		};
/* End PBXShellScriptBuildPhase section */

/* Begin PBXSourcesBuildPhase section */
		1D60588E0D05DD3D006BFB54 /* Sources */ = {
			isa = PBXSourcesBuildPhase;
			buildActionMask = 2147483647;
			files = (
				6F54B3C41FB0207C00D821F1 /* NativeAdTestScene.cpp in Sources */,
				AD2CA22B24B3071C00542CB2 /* CoreTester.cpp in Sources */,
				6F2580321ECC019000B910F9 /* NotificationTester.cpp in Sources */,
				6F59E6FB1FA6E75E007D3070 /* FunctionLogger.cpp in Sources */,
				AD56EF7E2021649B00DC9B56 /* VideoPlayerTestScene.cpp in Sources */,
				AD9E6FEF25BECA0E0019EFB0 /* FullScreenAdScene.cpp in Sources */,
				AD2CA22F24B3073D00542CB2 /* FirebaseCrashlyticsTester.cpp in Sources */,
				AD0A589020ABE675001D4FD2 /* FirebaseDynamicLink.cpp in Sources */,
				6FDD65A11F94A3B400BAEA66 /* Utils.cpp in Sources */,
				6F25803F1ECC2DC400B910F9 /* AppDelegate.cpp in Sources */,
				AD2CA24124B3135300542CB2 /* NativeAdTester.cpp in Sources */,
				6F25802F1ECBFFAE00B910F9 /* main.m in Sources */,
				6F426E211F8B56B2009E202A /* RootViewController.mm in Sources */,
				AD9E6FDB25BEC3E30019EFB0 /* MainScene.cpp in Sources */,
				6F25802D1ECBFF8C00B910F9 /* AppController.mm in Sources */,
				AD9E6FE125BEC7390019EFB0 /* BannerAdScene.cpp in Sources */,
			);
			runOnlyForDeploymentPostprocessing = 0;
		};
		5087E75617EB910900C73F5D /* Sources */ = {
			isa = PBXSourcesBuildPhase;
			buildActionMask = 2147483647;
			files = (
				6F2C62151FB2E281000CEA38 /* NativeAdTestScene.cpp in Sources */,
				AD9E6FF025BECA0E0019EFB0 /* FullScreenAdScene.cpp in Sources */,
				6F2580241ECBFC9A00B910F9 /* main.mm in Sources */,
				AD56EF7F2021649B00DC9B56 /* VideoPlayerTestScene.cpp in Sources */,
				6F59E6FC1FA6E75E007D3070 /* FunctionLogger.cpp in Sources */,
				AD9E6FDC25BEC3E30019EFB0 /* MainScene.cpp in Sources */,
				AD2CA22C24B3071C00542CB2 /* CoreTester.cpp in Sources */,
				6F2580401ECC2DC400B910F9 /* AppDelegate.cpp in Sources */,
				6FDD65A21F94A3B400BAEA66 /* Utils.cpp in Sources */,
				AD9E6FE225BEC7390019EFB0 /* BannerAdScene.cpp in Sources */,
			);
			runOnlyForDeploymentPostprocessing = 0;
		};
/* End PBXSourcesBuildPhase section */

/* Begin PBXTargetDependency section */
		4B120C1E23D0780D00528149 /* PBXTargetDependency */ = {
			isa = PBXTargetDependency;
			name = "libcocos2d Mac";
			targetProxy = 4B120C1D23D0780D00528149 /* PBXContainerItemProxy */;
		};
		AD7F5F6D2466CF340035253E /* PBXTargetDependency */ = {
			isa = PBXTargetDependency;
			name = "libcocos2d iOS";
			targetProxy = AD7F5F6C2466CF340035253E /* PBXContainerItemProxy */;
		};
/* End PBXTargetDependency section */

/* Begin XCBuildConfiguration section */
		1D6058940D05DD3E006BFB54 /* Debug */ = {
			isa = XCBuildConfiguration;
			baseConfigurationReference = 1A9EE02AF42BD8282D9A8F6F /* Pods-common-ee_x_test_mobile.debug.xcconfig */;
			buildSettings = {
				"CODE_SIGN_IDENTITY[sdk=iphoneos*]" = "iPhone Developer";
				COMPRESS_PNG_FILES = NO;
				DEBUG_INFORMATION_FORMAT = dwarf;
				DEVELOPMENT_TEAM = 3P4Y2KDTFU;
				ENABLE_BITCODE = NO;
				INFOPLIST_FILE = ios/Info.plist;
				PRODUCT_BUNDLE_IDENTIFIER = com.ee.test.mobile;
				SDKROOT = iphoneos;
				TARGETED_DEVICE_FAMILY = "1,2";
			};
			name = Debug;
		};
		1D6058950D05DD3E006BFB54 /* Release */ = {
			isa = XCBuildConfiguration;
			baseConfigurationReference = 82B010BBDE4CA3D417D178FF /* Pods-common-ee_x_test_mobile.release.xcconfig */;
			buildSettings = {
				"CODE_SIGN_IDENTITY[sdk=iphoneos*]" = "iPhone Developer";
				COMPRESS_PNG_FILES = NO;
				DEVELOPMENT_TEAM = 3P4Y2KDTFU;
				ENABLE_BITCODE = NO;
				INFOPLIST_FILE = ios/Info.plist;
				PRODUCT_BUNDLE_IDENTIFIER = com.ee.test.mobile;
				SDKROOT = iphoneos;
				TARGETED_DEVICE_FAMILY = "1,2";
			};
			name = Release;
		};
		5087E76D17EB910900C73F5D /* Debug */ = {
			isa = XCBuildConfiguration;
			baseConfigurationReference = EF08DE0B7A9A2F319B653225 /* Pods-common-ee_x_test_desktop.debug.xcconfig */;
			buildSettings = {
				INFOPLIST_FILE = mac/Info.plist;
				MACOSX_DEPLOYMENT_TARGET = 10.14;
				PRODUCT_BUNDLE_IDENTIFIER = com.ee.test.desktop;
				SDKROOT = macosx;
			};
			name = Debug;
		};
		5087E76E17EB910900C73F5D /* Release */ = {
			isa = XCBuildConfiguration;
			baseConfigurationReference = 8B94EDA7D814D9176338E5D0 /* Pods-common-ee_x_test_desktop.release.xcconfig */;
			buildSettings = {
				INFOPLIST_FILE = mac/Info.plist;
				MACOSX_DEPLOYMENT_TARGET = 10.14;
				PRODUCT_BUNDLE_IDENTIFIER = com.ee.test.desktop;
				SDKROOT = macosx;
			};
			name = Release;
		};
		C01FCF4F08A954540054247B /* Debug */ = {
			isa = XCBuildConfiguration;
			buildSettings = {
				ALWAYS_SEARCH_USER_PATHS = NO;
				CLANG_ANALYZER_SECURITY_INSECUREAPI_RAND = YES;
				CLANG_ANALYZER_SECURITY_INSECUREAPI_STRCPY = YES;
				CLANG_CXX_LIBRARY = "libc++";
				CLANG_WARN_ASSIGN_ENUM = YES;
				CLANG_WARN_DEPRECATED_OBJC_IMPLEMENTATIONS = YES;
				CLANG_WARN_DIRECT_OBJC_ISA_USAGE = YES_ERROR;
				CLANG_WARN_EMPTY_BODY = YES;
				CLANG_WARN_IMPLICIT_SIGN_CONVERSION = YES;
				CLANG_WARN_OBJC_IMPLICIT_ATOMIC_PROPERTIES = YES;
				CLANG_WARN_OBJC_ROOT_CLASS = YES_ERROR;
				CLANG_WARN_SUSPICIOUS_IMPLICIT_CONVERSION = YES;
				CLANG_WARN_UNREACHABLE_CODE = YES_AGGRESSIVE;
				CLANG_WARN__DUPLICATE_METHOD_MATCH = YES;
				COPY_PHASE_STRIP = NO;
				ENABLE_STRICT_OBJC_MSGSEND = YES;
				ENABLE_TESTABILITY = YES;
				GCC_OPTIMIZATION_LEVEL = 0;
				GCC_TREAT_INCOMPATIBLE_POINTER_TYPE_WARNINGS_AS_ERRORS = YES;
				GCC_WARN_ABOUT_MISSING_FIELD_INITIALIZERS = YES;
				GCC_WARN_ABOUT_MISSING_PROTOTYPES = YES;
				GCC_WARN_ABOUT_RETURN_TYPE = YES_ERROR;
				GCC_WARN_FOUR_CHARACTER_CONSTANTS = YES;
				GCC_WARN_HIDDEN_VIRTUAL_FUNCTIONS = YES;
				GCC_WARN_INITIALIZER_NOT_FULLY_BRACKETED = YES;
				GCC_WARN_NON_VIRTUAL_DESTRUCTOR = YES;
				GCC_WARN_SHADOW = YES;
				GCC_WARN_SIGN_COMPARE = YES;
				GCC_WARN_STRICT_SELECTOR_MATCH = YES;
				GCC_WARN_UNDECLARED_SELECTOR = YES;
				GCC_WARN_UNINITIALIZED_AUTOS = YES_AGGRESSIVE;
				GCC_WARN_UNUSED_FUNCTION = YES;
				GCC_WARN_UNUSED_LABEL = YES;
				GCC_WARN_UNUSED_VARIABLE = YES;
				IPHONEOS_DEPLOYMENT_TARGET = 12.0;
				LIBRARY_SEARCH_PATHS = "";
				MACOSX_DEPLOYMENT_TARGET = 10.14;
				ONLY_ACTIVE_ARCH = YES;
				OTHER_LDFLAGS = "";
				PRODUCT_NAME = "$(TARGET_NAME)";
				USER_HEADER_SEARCH_PATHS = "$(SRCROOT)/../Classes";
			};
			name = Debug;
		};
		C01FCF5008A954540054247B /* Release */ = {
			isa = XCBuildConfiguration;
			buildSettings = {
				ALWAYS_SEARCH_USER_PATHS = NO;
				CLANG_ANALYZER_SECURITY_INSECUREAPI_RAND = YES;
				CLANG_ANALYZER_SECURITY_INSECUREAPI_STRCPY = YES;
				CLANG_CXX_LIBRARY = "libc++";
				CLANG_WARN_ASSIGN_ENUM = YES;
				CLANG_WARN_DEPRECATED_OBJC_IMPLEMENTATIONS = YES;
				CLANG_WARN_DIRECT_OBJC_ISA_USAGE = YES_ERROR;
				CLANG_WARN_EMPTY_BODY = YES;
				CLANG_WARN_IMPLICIT_SIGN_CONVERSION = YES;
				CLANG_WARN_OBJC_IMPLICIT_ATOMIC_PROPERTIES = YES;
				CLANG_WARN_OBJC_ROOT_CLASS = YES_ERROR;
				CLANG_WARN_SUSPICIOUS_IMPLICIT_CONVERSION = YES;
				CLANG_WARN_UNREACHABLE_CODE = YES_AGGRESSIVE;
				CLANG_WARN__DUPLICATE_METHOD_MATCH = YES;
				ENABLE_STRICT_OBJC_MSGSEND = YES;
				GCC_TREAT_INCOMPATIBLE_POINTER_TYPE_WARNINGS_AS_ERRORS = YES;
				GCC_WARN_ABOUT_MISSING_FIELD_INITIALIZERS = YES;
				GCC_WARN_ABOUT_MISSING_PROTOTYPES = YES;
				GCC_WARN_ABOUT_RETURN_TYPE = YES_ERROR;
				GCC_WARN_FOUR_CHARACTER_CONSTANTS = YES;
				GCC_WARN_HIDDEN_VIRTUAL_FUNCTIONS = YES;
				GCC_WARN_INITIALIZER_NOT_FULLY_BRACKETED = YES;
				GCC_WARN_NON_VIRTUAL_DESTRUCTOR = YES;
				GCC_WARN_SHADOW = YES;
				GCC_WARN_SIGN_COMPARE = YES;
				GCC_WARN_STRICT_SELECTOR_MATCH = YES;
				GCC_WARN_UNDECLARED_SELECTOR = YES;
				GCC_WARN_UNINITIALIZED_AUTOS = YES_AGGRESSIVE;
				GCC_WARN_UNUSED_FUNCTION = YES;
				GCC_WARN_UNUSED_LABEL = YES;
				GCC_WARN_UNUSED_VARIABLE = YES;
				IPHONEOS_DEPLOYMENT_TARGET = 12.0;
				LIBRARY_SEARCH_PATHS = "";
				MACOSX_DEPLOYMENT_TARGET = 10.14;
				OTHER_CFLAGS = "-DNS_BLOCK_ASSERTIONS=1";
				OTHER_LDFLAGS = "";
				PRODUCT_NAME = "$(TARGET_NAME)";
				USER_HEADER_SEARCH_PATHS = "$(SRCROOT)/../Classes";
				VALIDATE_PRODUCT = YES;
			};
			name = Release;
		};
/* End XCBuildConfiguration section */

/* Begin XCConfigurationList section */
		1D6058960D05DD3E006BFB54 /* Build configuration list for PBXNativeTarget "ee_x_test_mobile" */ = {
			isa = XCConfigurationList;
			buildConfigurations = (
				1D6058940D05DD3E006BFB54 /* Debug */,
				1D6058950D05DD3E006BFB54 /* Release */,
			);
			defaultConfigurationIsVisible = 0;
			defaultConfigurationName = Debug;
		};
		5087E76C17EB910900C73F5D /* Build configuration list for PBXNativeTarget "ee_x_test_desktop" */ = {
			isa = XCConfigurationList;
			buildConfigurations = (
				5087E76D17EB910900C73F5D /* Debug */,
				5087E76E17EB910900C73F5D /* Release */,
			);
			defaultConfigurationIsVisible = 0;
			defaultConfigurationName = Debug;
		};
		C01FCF4E08A954540054247B /* Build configuration list for PBXProject "ee_x_test" */ = {
			isa = XCConfigurationList;
			buildConfigurations = (
				C01FCF4F08A954540054247B /* Debug */,
				C01FCF5008A954540054247B /* Release */,
			);
			defaultConfigurationIsVisible = 0;
			defaultConfigurationName = Debug;
		};
/* End XCConfigurationList section */
	};
	rootObject = 29B97313FDCFA39411CA2CEA /* Project object */;
}
