// !$*UTF8*$!
{
	archiveVersion = 1;
	classes = {
	};
	objectVersion = 46;
	objects = {

/* Begin PBXBuildFile section */
		1F72F3552DE59AB911BA06E0 /* libPods-common-crashlytics-ee_x_mobile_crashlytics.a in Frameworks */ = {isa = PBXBuildFile; fileRef = BA3CAC97D4207BEF1DD6466F /* libPods-common-crashlytics-ee_x_mobile_crashlytics.a */; };
		6F43A2B81EC1A01A00C68152 /* Core.hpp in Headers */ = {isa = PBXBuildFile; fileRef = 6F43A29D1EC19F3E00C68152 /* Core.hpp */; };
		6F43A2BB1EC1A18000C68152 /* EEPluginManager.m in Sources */ = {isa = PBXBuildFile; fileRef = 6F43A2291EC19F3100C68152 /* EEPluginManager.m */; };
		6F43A2BC1EC1A18900C68152 /* EEPluginManager.h in Headers */ = {isa = PBXBuildFile; fileRef = 6F43A2281EC19F3100C68152 /* EEPluginManager.h */; };
		6F43A2BD1EC1A18900C68152 /* EEDictionaryUtils.h in Headers */ = {isa = PBXBuildFile; fileRef = 6F43A22B1EC19F3100C68152 /* EEDictionaryUtils.h */; };
		6F43A2BE1EC1A18900C68152 /* EEDictionaryUtils.m in Sources */ = {isa = PBXBuildFile; fileRef = 6F43A22C1EC19F3100C68152 /* EEDictionaryUtils.m */; };
		6F43A2BF1EC1A18900C68152 /* EEJsonUtils.h in Headers */ = {isa = PBXBuildFile; fileRef = 6F43A22D1EC19F3100C68152 /* EEJsonUtils.h */; };
		6F43A2C01EC1A18900C68152 /* EEJsonUtils.m in Sources */ = {isa = PBXBuildFile; fileRef = 6F43A22E1EC19F3100C68152 /* EEJsonUtils.m */; };
		6F43A2C11EC1A18900C68152 /* EEMessageBridge.h in Headers */ = {isa = PBXBuildFile; fileRef = 6F43A22F1EC19F3100C68152 /* EEMessageBridge.h */; };
		6F43A2C21EC1A18900C68152 /* EEMessageBridge.m in Sources */ = {isa = PBXBuildFile; fileRef = 6F43A2301EC19F3100C68152 /* EEMessageBridge.m */; };
		6F43A2C31EC1A18900C68152 /* EEUtils.h in Headers */ = {isa = PBXBuildFile; fileRef = 6F43A2311EC19F3100C68152 /* EEUtils.h */; };
		6F43A2C41EC1A18900C68152 /* EEUtils.m in Sources */ = {isa = PBXBuildFile; fileRef = 6F43A2321EC19F3100C68152 /* EEUtils.m */; };
		6F43A2C51EC1A18900C68152 /* MessageBridge.cpp in Sources */ = {isa = PBXBuildFile; fileRef = 6F43A2331EC19F3100C68152 /* MessageBridge.cpp */; };
		6F43A2C61EC1A18900C68152 /* MessageBridge.hpp in Headers */ = {isa = PBXBuildFile; fileRef = 6F43A2341EC19F3100C68152 /* MessageBridge.hpp */; };
		6F43A2C71EC1A18900C68152 /* MessageBridge_iOS.mm in Sources */ = {isa = PBXBuildFile; fileRef = 6F43A2351EC19F3100C68152 /* MessageBridge_iOS.mm */; };
		6F43A2C81EC1A18900C68152 /* Logger.cpp in Sources */ = {isa = PBXBuildFile; fileRef = 6F43A2361EC19F3100C68152 /* Logger.cpp */; };
		6F43A2C91EC1A18900C68152 /* Logger.hpp in Headers */ = {isa = PBXBuildFile; fileRef = 6F43A2371EC19F3100C68152 /* Logger.hpp */; };
		6F43A2CA1EC1A18900C68152 /* Logger_iOS.mm in Sources */ = {isa = PBXBuildFile; fileRef = 6F43A2381EC19F3100C68152 /* Logger_iOS.mm */; };
		6F43A2CB1EC1A18900C68152 /* LogLevel.cpp in Sources */ = {isa = PBXBuildFile; fileRef = 6F43A2391EC19F3100C68152 /* LogLevel.cpp */; };
		6F43A2CC1EC1A18900C68152 /* LogLevel.hpp in Headers */ = {isa = PBXBuildFile; fileRef = 6F43A23A1EC19F3100C68152 /* LogLevel.hpp */; };
		6F43A2CE1EC1A22500C68152 /* Crashlytics.hpp in Headers */ = {isa = PBXBuildFile; fileRef = 6F43A2CD1EC1A22500C68152 /* Crashlytics.hpp */; };
		6F43A2CF1EC1A24E00C68152 /* CrashlyticsBridge.cpp in Sources */ = {isa = PBXBuildFile; fileRef = 6F43A23C1EC19F3100C68152 /* CrashlyticsBridge.cpp */; };
		6F43A2D01EC1A24E00C68152 /* CrashlyticsBridge.hpp in Headers */ = {isa = PBXBuildFile; fileRef = 6F43A23D1EC19F3100C68152 /* CrashlyticsBridge.hpp */; };
		6F43A2D11EC1A24E00C68152 /* EECrashlytics.h in Headers */ = {isa = PBXBuildFile; fileRef = 6F43A23E1EC19F3100C68152 /* EECrashlytics.h */; };
		6F43A2D21EC1A24E00C68152 /* EECrashlytics.m in Sources */ = {isa = PBXBuildFile; fileRef = 6F43A23F1EC19F3100C68152 /* EECrashlytics.m */; };
		6F43A2D71EC1A39E00C68152 /* Notification.hpp in Headers */ = {isa = PBXBuildFile; fileRef = 6F43A2D61EC1A39900C68152 /* Notification.hpp */; };
		6F43A2D81EC1A3A200C68152 /* EENotification.h in Headers */ = {isa = PBXBuildFile; fileRef = 6F43A2971EC19F3100C68152 /* EENotification.h */; };
		6F43A2D91EC1A3A200C68152 /* EENotification.m in Sources */ = {isa = PBXBuildFile; fileRef = 6F43A2981EC19F3100C68152 /* EENotification.m */; };
		6F43A2DA1EC1A3A200C68152 /* NotificationBridge.cpp in Sources */ = {isa = PBXBuildFile; fileRef = 6F43A2991EC19F3100C68152 /* NotificationBridge.cpp */; };
		6F43A2DB1EC1A3A200C68152 /* NotificationBridge.hpp in Headers */ = {isa = PBXBuildFile; fileRef = 6F43A29A1EC19F3100C68152 /* NotificationBridge.hpp */; };
		6F43A2DC1EC1A3A200C68152 /* NotificationBuilder.cpp in Sources */ = {isa = PBXBuildFile; fileRef = 6F43A29B1EC19F3100C68152 /* NotificationBuilder.cpp */; };
		6F43A2DD1EC1A3A200C68152 /* NotificationBuilder.hpp in Headers */ = {isa = PBXBuildFile; fileRef = 6F43A29C1EC19F3100C68152 /* NotificationBuilder.hpp */; };
		6F83DC8B1EC1C787004C5500 /* CrashlyticsBridge.cpp in Sources */ = {isa = PBXBuildFile; fileRef = 6F43A23C1EC19F3100C68152 /* CrashlyticsBridge.cpp */; };
		6F83DC8C1EC1C787004C5500 /* EECrashlytics.m in Sources */ = {isa = PBXBuildFile; fileRef = 6F43A23F1EC19F3100C68152 /* EECrashlytics.m */; };
		6F83DC901EC1C787004C5500 /* CrashlyticsBridge.hpp in Headers */ = {isa = PBXBuildFile; fileRef = 6F43A23D1EC19F3100C68152 /* CrashlyticsBridge.hpp */; };
		6F83DC911EC1C787004C5500 /* Crashlytics.hpp in Headers */ = {isa = PBXBuildFile; fileRef = 6F43A2CD1EC1A22500C68152 /* Crashlytics.hpp */; };
		6F83DC921EC1C787004C5500 /* CrashlyticsFwd.hpp in Headers */ = {isa = PBXBuildFile; fileRef = 6FD934121EC1B02A001E5D1D /* CrashlyticsFwd.hpp */; };
		6F83DC931EC1C787004C5500 /* EECrashlytics.h in Headers */ = {isa = PBXBuildFile; fileRef = 6F43A23E1EC19F3100C68152 /* EECrashlytics.h */; };
		6F83DC9B1EC1C7F2004C5500 /* Core.hpp in Headers */ = {isa = PBXBuildFile; fileRef = 6F43A29D1EC19F3E00C68152 /* Core.hpp */; };
		6F83DC9C1EC1C800004C5500 /* EEPluginManager.h in Headers */ = {isa = PBXBuildFile; fileRef = 6F43A2281EC19F3100C68152 /* EEPluginManager.h */; };
		6F83DC9D1EC1C800004C5500 /* EEPluginManager.m in Sources */ = {isa = PBXBuildFile; fileRef = 6F43A2291EC19F3100C68152 /* EEPluginManager.m */; };
		6F83DC9E1EC1C800004C5500 /* EEDictionaryUtils.h in Headers */ = {isa = PBXBuildFile; fileRef = 6F43A22B1EC19F3100C68152 /* EEDictionaryUtils.h */; };
		6F83DC9F1EC1C800004C5500 /* EEDictionaryUtils.m in Sources */ = {isa = PBXBuildFile; fileRef = 6F43A22C1EC19F3100C68152 /* EEDictionaryUtils.m */; };
		6F83DCA01EC1C800004C5500 /* EEJsonUtils.h in Headers */ = {isa = PBXBuildFile; fileRef = 6F43A22D1EC19F3100C68152 /* EEJsonUtils.h */; };
		6F83DCA11EC1C800004C5500 /* EEJsonUtils.m in Sources */ = {isa = PBXBuildFile; fileRef = 6F43A22E1EC19F3100C68152 /* EEJsonUtils.m */; };
		6F83DCA21EC1C800004C5500 /* EEMessageBridge.h in Headers */ = {isa = PBXBuildFile; fileRef = 6F43A22F1EC19F3100C68152 /* EEMessageBridge.h */; };
		6F83DCA31EC1C800004C5500 /* EEMessageBridge.m in Sources */ = {isa = PBXBuildFile; fileRef = 6F43A2301EC19F3100C68152 /* EEMessageBridge.m */; };
		6F83DCA41EC1C800004C5500 /* EEUtils.h in Headers */ = {isa = PBXBuildFile; fileRef = 6F43A2311EC19F3100C68152 /* EEUtils.h */; };
		6F83DCA51EC1C800004C5500 /* EEUtils.m in Sources */ = {isa = PBXBuildFile; fileRef = 6F43A2321EC19F3100C68152 /* EEUtils.m */; };
		6F83DCA61EC1C800004C5500 /* MessageBridge.cpp in Sources */ = {isa = PBXBuildFile; fileRef = 6F43A2331EC19F3100C68152 /* MessageBridge.cpp */; };
		6F83DCA71EC1C800004C5500 /* MessageBridge.hpp in Headers */ = {isa = PBXBuildFile; fileRef = 6F43A2341EC19F3100C68152 /* MessageBridge.hpp */; };
		6F83DCA81EC1C800004C5500 /* MessageBridge_iOS.mm in Sources */ = {isa = PBXBuildFile; fileRef = 6F43A2351EC19F3100C68152 /* MessageBridge_iOS.mm */; };
		6F83DCA91EC1C800004C5500 /* Logger.cpp in Sources */ = {isa = PBXBuildFile; fileRef = 6F43A2361EC19F3100C68152 /* Logger.cpp */; };
		6F83DCAA1EC1C800004C5500 /* Logger.hpp in Headers */ = {isa = PBXBuildFile; fileRef = 6F43A2371EC19F3100C68152 /* Logger.hpp */; };
		6F83DCAB1EC1C800004C5500 /* Logger_iOS.mm in Sources */ = {isa = PBXBuildFile; fileRef = 6F43A2381EC19F3100C68152 /* Logger_iOS.mm */; };
		6F83DCAC1EC1C800004C5500 /* LogLevel.cpp in Sources */ = {isa = PBXBuildFile; fileRef = 6F43A2391EC19F3100C68152 /* LogLevel.cpp */; };
		6F83DCAD1EC1C800004C5500 /* LogLevel.hpp in Headers */ = {isa = PBXBuildFile; fileRef = 6F43A23A1EC19F3100C68152 /* LogLevel.hpp */; };
		6F83DCAE1EC1C80F004C5500 /* json.hpp in Headers */ = {isa = PBXBuildFile; fileRef = 6F43A2931EC19F3100C68152 /* json.hpp */; };
		6F83DCAF1EC1C810004C5500 /* json.hpp in Headers */ = {isa = PBXBuildFile; fileRef = 6F43A2931EC19F3100C68152 /* json.hpp */; };
		6FD934131EC1B02A001E5D1D /* CrashlyticsFwd.hpp in Headers */ = {isa = PBXBuildFile; fileRef = 6FD934121EC1B02A001E5D1D /* CrashlyticsFwd.hpp */; };
		6FD934151EC1B073001E5D1D /* NotificationFwd.hpp in Headers */ = {isa = PBXBuildFile; fileRef = 6FD934141EC1B070001E5D1D /* NotificationFwd.hpp */; };
		E8F514AC1C427857C940C7A0 /* libPods-common-crashlytics-ee_x_desktop_crashlytics.a in Frameworks */ = {isa = PBXBuildFile; fileRef = 4A71CA238E20EC0D9F03C6CB /* libPods-common-crashlytics-ee_x_desktop_crashlytics.a */; };
/* End PBXBuildFile section */

/* Begin PBXContainerItemProxy section */
		6F43A2D31EC1A26B00C68152 /* PBXContainerItemProxy */ = {
			isa = PBXContainerItemProxy;
			containerPortal = 29B97313FDCFA39411CA2CEA /* Project object */;
			proxyType = 1;
			remoteGlobalIDString = 6C43A8051BDDDF1800D0597F;
			remoteInfo = ee_x_mobile_core;
		};
		6F43A34F1EC1A9EC00C68152 /* PBXContainerItemProxy */ = {
			isa = PBXContainerItemProxy;
			containerPortal = 29B97313FDCFA39411CA2CEA /* Project object */;
			proxyType = 1;
			remoteGlobalIDString = 6C43A8051BDDDF1800D0597F;
			remoteInfo = ee_x_mobile_core;
		};
		6F83DC991EC1C7E4004C5500 /* PBXContainerItemProxy */ = {
			isa = PBXContainerItemProxy;
			containerPortal = 29B97313FDCFA39411CA2CEA /* Project object */;
			proxyType = 1;
			remoteGlobalIDString = 6F79B6111CCA7AA00008EFAC;
			remoteInfo = ee_x_desktop_core;
		};
/* End PBXContainerItemProxy section */

/* Begin PBXCopyFilesBuildPhase section */
		6C43A8041BDDDF1800D0597F /* Copy Files */ = {
			isa = PBXCopyFilesBuildPhase;
			buildActionMask = 2147483647;
			dstPath = "include/$(PRODUCT_NAME)";
			dstSubfolderSpec = 16;
			files = (
			);
			name = "Copy Files";
			runOnlyForDeploymentPostprocessing = 0;
		};
		6F43A2A31EC19F5700C68152 /* Copy Files */ = {
			isa = PBXCopyFilesBuildPhase;
			buildActionMask = 2147483647;
			dstPath = "include/$(PRODUCT_NAME)";
			dstSubfolderSpec = 16;
			files = (
			);
			name = "Copy Files";
			runOnlyForDeploymentPostprocessing = 0;
		};
		6F43A2AF1EC19F8700C68152 /* Copy Files */ = {
			isa = PBXCopyFilesBuildPhase;
			buildActionMask = 2147483647;
			dstPath = "include/$(PRODUCT_NAME)";
			dstSubfolderSpec = 16;
			files = (
			);
			name = "Copy Files";
			runOnlyForDeploymentPostprocessing = 0;
		};
		6F83DC8E1EC1C787004C5500 /* Copy Files */ = {
			isa = PBXCopyFilesBuildPhase;
			buildActionMask = 2147483647;
			dstPath = "include/$(PRODUCT_NAME)";
			dstSubfolderSpec = 16;
			files = (
			);
			name = "Copy Files";
			runOnlyForDeploymentPostprocessing = 0;
		};
/* End PBXCopyFilesBuildPhase section */

/* Begin PBXFileReference section */
		4A71CA238E20EC0D9F03C6CB /* libPods-common-crashlytics-ee_x_desktop_crashlytics.a */ = {isa = PBXFileReference; explicitFileType = archive.ar; includeInIndex = 0; path = "libPods-common-crashlytics-ee_x_desktop_crashlytics.a"; sourceTree = BUILT_PRODUCTS_DIR; };
		5326F4B9D201CC6BF5FA9BB6 /* Pods-common-crashlytics-ee_x_desktop_crashlytics.debug.xcconfig */ = {isa = PBXFileReference; includeInIndex = 1; lastKnownFileType = text.xcconfig; name = "Pods-common-crashlytics-ee_x_desktop_crashlytics.debug.xcconfig"; path = "Pods/Target Support Files/Pods-common-crashlytics-ee_x_desktop_crashlytics/Pods-common-crashlytics-ee_x_desktop_crashlytics.debug.xcconfig"; sourceTree = "<group>"; };
		6F2DDC5F1E52A0E70094C241 /* jni */ = {isa = PBXFileReference; lastKnownFileType = folder; name = jni; path = ../jni; sourceTree = "<group>"; };
		6F43A2281EC19F3100C68152 /* EEPluginManager.h */ = {isa = PBXFileReference; lastKnownFileType = sourcecode.c.h; path = EEPluginManager.h; sourceTree = "<group>"; };
		6F43A2291EC19F3100C68152 /* EEPluginManager.m */ = {isa = PBXFileReference; lastKnownFileType = sourcecode.c.objc; path = EEPluginManager.m; sourceTree = "<group>"; };
		6F43A22B1EC19F3100C68152 /* EEDictionaryUtils.h */ = {isa = PBXFileReference; lastKnownFileType = sourcecode.c.h; path = EEDictionaryUtils.h; sourceTree = "<group>"; };
		6F43A22C1EC19F3100C68152 /* EEDictionaryUtils.m */ = {isa = PBXFileReference; lastKnownFileType = sourcecode.c.objc; path = EEDictionaryUtils.m; sourceTree = "<group>"; };
		6F43A22D1EC19F3100C68152 /* EEJsonUtils.h */ = {isa = PBXFileReference; lastKnownFileType = sourcecode.c.h; path = EEJsonUtils.h; sourceTree = "<group>"; };
		6F43A22E1EC19F3100C68152 /* EEJsonUtils.m */ = {isa = PBXFileReference; lastKnownFileType = sourcecode.c.objc; path = EEJsonUtils.m; sourceTree = "<group>"; };
		6F43A22F1EC19F3100C68152 /* EEMessageBridge.h */ = {isa = PBXFileReference; lastKnownFileType = sourcecode.c.h; path = EEMessageBridge.h; sourceTree = "<group>"; };
		6F43A2301EC19F3100C68152 /* EEMessageBridge.m */ = {isa = PBXFileReference; lastKnownFileType = sourcecode.c.objc; path = EEMessageBridge.m; sourceTree = "<group>"; };
		6F43A2311EC19F3100C68152 /* EEUtils.h */ = {isa = PBXFileReference; lastKnownFileType = sourcecode.c.h; path = EEUtils.h; sourceTree = "<group>"; };
		6F43A2321EC19F3100C68152 /* EEUtils.m */ = {isa = PBXFileReference; lastKnownFileType = sourcecode.c.objc; path = EEUtils.m; sourceTree = "<group>"; };
		6F43A2331EC19F3100C68152 /* MessageBridge.cpp */ = {isa = PBXFileReference; lastKnownFileType = sourcecode.cpp.cpp; path = MessageBridge.cpp; sourceTree = "<group>"; };
		6F43A2341EC19F3100C68152 /* MessageBridge.hpp */ = {isa = PBXFileReference; lastKnownFileType = sourcecode.cpp.h; path = MessageBridge.hpp; sourceTree = "<group>"; };
		6F43A2351EC19F3100C68152 /* MessageBridge_iOS.mm */ = {isa = PBXFileReference; lastKnownFileType = sourcecode.cpp.objcpp; path = MessageBridge_iOS.mm; sourceTree = "<group>"; };
		6F43A2361EC19F3100C68152 /* Logger.cpp */ = {isa = PBXFileReference; lastKnownFileType = sourcecode.cpp.cpp; path = Logger.cpp; sourceTree = "<group>"; };
		6F43A2371EC19F3100C68152 /* Logger.hpp */ = {isa = PBXFileReference; lastKnownFileType = sourcecode.cpp.h; path = Logger.hpp; sourceTree = "<group>"; };
		6F43A2381EC19F3100C68152 /* Logger_iOS.mm */ = {isa = PBXFileReference; lastKnownFileType = sourcecode.cpp.objcpp; path = Logger_iOS.mm; sourceTree = "<group>"; };
		6F43A2391EC19F3100C68152 /* LogLevel.cpp */ = {isa = PBXFileReference; lastKnownFileType = sourcecode.cpp.cpp; path = LogLevel.cpp; sourceTree = "<group>"; };
		6F43A23A1EC19F3100C68152 /* LogLevel.hpp */ = {isa = PBXFileReference; lastKnownFileType = sourcecode.cpp.h; path = LogLevel.hpp; sourceTree = "<group>"; };
		6F43A23C1EC19F3100C68152 /* CrashlyticsBridge.cpp */ = {isa = PBXFileReference; lastKnownFileType = sourcecode.cpp.cpp; path = CrashlyticsBridge.cpp; sourceTree = "<group>"; };
		6F43A23D1EC19F3100C68152 /* CrashlyticsBridge.hpp */ = {isa = PBXFileReference; lastKnownFileType = sourcecode.cpp.h; path = CrashlyticsBridge.hpp; sourceTree = "<group>"; };
		6F43A23E1EC19F3100C68152 /* EECrashlytics.h */ = {isa = PBXFileReference; lastKnownFileType = sourcecode.c.h; path = EECrashlytics.h; sourceTree = "<group>"; };
		6F43A23F1EC19F3100C68152 /* EECrashlytics.m */ = {isa = PBXFileReference; lastKnownFileType = sourcecode.c.objc; path = EECrashlytics.m; sourceTree = "<group>"; };
		6F43A2921EC19F3100C68152 /* ChangeLog.md */ = {isa = PBXFileReference; lastKnownFileType = net.daringfireball.markdown; path = ChangeLog.md; sourceTree = "<group>"; };
		6F43A2931EC19F3100C68152 /* json.hpp */ = {isa = PBXFileReference; lastKnownFileType = sourcecode.cpp.h; path = json.hpp; sourceTree = "<group>"; };
		6F43A2941EC19F3100C68152 /* LICENSE.MIT */ = {isa = PBXFileReference; lastKnownFileType = text; path = LICENSE.MIT; sourceTree = "<group>"; };
		6F43A2951EC19F3100C68152 /* README.md */ = {isa = PBXFileReference; lastKnownFileType = net.daringfireball.markdown; path = README.md; sourceTree = "<group>"; };
		6F43A2971EC19F3100C68152 /* EENotification.h */ = {isa = PBXFileReference; lastKnownFileType = sourcecode.c.h; path = EENotification.h; sourceTree = "<group>"; };
		6F43A2981EC19F3100C68152 /* EENotification.m */ = {isa = PBXFileReference; lastKnownFileType = sourcecode.c.objc; path = EENotification.m; sourceTree = "<group>"; };
		6F43A2991EC19F3100C68152 /* NotificationBridge.cpp */ = {isa = PBXFileReference; lastKnownFileType = sourcecode.cpp.cpp; path = NotificationBridge.cpp; sourceTree = "<group>"; };
		6F43A29A1EC19F3100C68152 /* NotificationBridge.hpp */ = {isa = PBXFileReference; lastKnownFileType = sourcecode.cpp.h; path = NotificationBridge.hpp; sourceTree = "<group>"; };
		6F43A29B1EC19F3100C68152 /* NotificationBuilder.cpp */ = {isa = PBXFileReference; lastKnownFileType = sourcecode.cpp.cpp; path = NotificationBuilder.cpp; sourceTree = "<group>"; };
		6F43A29C1EC19F3100C68152 /* NotificationBuilder.hpp */ = {isa = PBXFileReference; lastKnownFileType = sourcecode.cpp.h; path = NotificationBuilder.hpp; sourceTree = "<group>"; };
		6F43A29D1EC19F3E00C68152 /* Core.hpp */ = {isa = PBXFileReference; lastKnownFileType = sourcecode.cpp.h; path = Core.hpp; sourceTree = "<group>"; };
		6F43A2CD1EC1A22500C68152 /* Crashlytics.hpp */ = {isa = PBXFileReference; fileEncoding = 4; lastKnownFileType = sourcecode.cpp.h; path = Crashlytics.hpp; sourceTree = "<group>"; };
		6F43A2D61EC1A39900C68152 /* Notification.hpp */ = {isa = PBXFileReference; lastKnownFileType = sourcecode.cpp.h; path = Notification.hpp; sourceTree = "<group>"; };
		6F83DCB41EC1C8C9004C5500 /* ee_x_mobile_core.a */ = {isa = PBXFileReference; explicitFileType = archive.ar; includeInIndex = 0; path = ee_x_mobile_core.a; sourceTree = BUILT_PRODUCTS_DIR; };
		6F83DCB51EC1C8C9004C5500 /* ee_x_mobile_crashlytics.a */ = {isa = PBXFileReference; explicitFileType = archive.ar; includeInIndex = 0; path = ee_x_mobile_crashlytics.a; sourceTree = BUILT_PRODUCTS_DIR; };
		6F83DCB61EC1C8C9004C5500 /* ee_x_mobile_notification.a */ = {isa = PBXFileReference; explicitFileType = archive.ar; includeInIndex = 0; path = ee_x_mobile_notification.a; sourceTree = BUILT_PRODUCTS_DIR; };
		6F83DCB71EC1C8C9004C5500 /* ee_x_desktop_core.a */ = {isa = PBXFileReference; explicitFileType = archive.ar; includeInIndex = 0; path = ee_x_desktop_core.a; sourceTree = BUILT_PRODUCTS_DIR; };
		6F83DCB81EC1C8C9004C5500 /* ee_x_desktop_crashlytics.a */ = {isa = PBXFileReference; explicitFileType = archive.ar; includeInIndex = 0; path = ee_x_desktop_crashlytics.a; sourceTree = BUILT_PRODUCTS_DIR; };
		6FB2D0CF1D2C9FAC007D47B6 /* proj.android_studio */ = {isa = PBXFileReference; lastKnownFileType = folder; name = proj.android_studio; path = ../proj.android_studio; sourceTree = "<group>"; };
		6FD934121EC1B02A001E5D1D /* CrashlyticsFwd.hpp */ = {isa = PBXFileReference; fileEncoding = 4; lastKnownFileType = sourcecode.cpp.h; path = CrashlyticsFwd.hpp; sourceTree = "<group>"; };
		6FD934141EC1B070001E5D1D /* NotificationFwd.hpp */ = {isa = PBXFileReference; lastKnownFileType = sourcecode.cpp.h; path = NotificationFwd.hpp; sourceTree = "<group>"; };
		82896FD58FB2A81BA63FED93 /* Pods-common-crashlytics-ee_x_mobile_crashlytics.release.xcconfig */ = {isa = PBXFileReference; includeInIndex = 1; lastKnownFileType = text.xcconfig; name = "Pods-common-crashlytics-ee_x_mobile_crashlytics.release.xcconfig"; path = "Pods/Target Support Files/Pods-common-crashlytics-ee_x_mobile_crashlytics/Pods-common-crashlytics-ee_x_mobile_crashlytics.release.xcconfig"; sourceTree = "<group>"; };
		B5329EBC8BC1C11E8388353C /* Pods-common-crashlytics-ee_x_mobile_crashlytics.debug.xcconfig */ = {isa = PBXFileReference; includeInIndex = 1; lastKnownFileType = text.xcconfig; name = "Pods-common-crashlytics-ee_x_mobile_crashlytics.debug.xcconfig"; path = "Pods/Target Support Files/Pods-common-crashlytics-ee_x_mobile_crashlytics/Pods-common-crashlytics-ee_x_mobile_crashlytics.debug.xcconfig"; sourceTree = "<group>"; };
		BA3CAC97D4207BEF1DD6466F /* libPods-common-crashlytics-ee_x_mobile_crashlytics.a */ = {isa = PBXFileReference; explicitFileType = archive.ar; includeInIndex = 0; path = "libPods-common-crashlytics-ee_x_mobile_crashlytics.a"; sourceTree = BUILT_PRODUCTS_DIR; };
		C9F296D2701BF9E7DB193550 /* Pods-common-crashlytics-ee_x_desktop_crashlytics.release.xcconfig */ = {isa = PBXFileReference; includeInIndex = 1; lastKnownFileType = text.xcconfig; name = "Pods-common-crashlytics-ee_x_desktop_crashlytics.release.xcconfig"; path = "Pods/Target Support Files/Pods-common-crashlytics-ee_x_desktop_crashlytics/Pods-common-crashlytics-ee_x_desktop_crashlytics.release.xcconfig"; sourceTree = "<group>"; };
/* End PBXFileReference section */

/* Begin PBXFrameworksBuildPhase section */
		6C43A8031BDDDF1800D0597F /* Frameworks */ = {
			isa = PBXFrameworksBuildPhase;
			buildActionMask = 2147483647;
			files = (
			);
			runOnlyForDeploymentPostprocessing = 0;
		};
		6F43A2A11EC19F5700C68152 /* Frameworks */ = {
			isa = PBXFrameworksBuildPhase;
			buildActionMask = 2147483647;
			files = (
				1F72F3552DE59AB911BA06E0 /* libPods-common-crashlytics-ee_x_mobile_crashlytics.a in Frameworks */,
			);
			runOnlyForDeploymentPostprocessing = 0;
		};
		6F43A2AD1EC19F8700C68152 /* Frameworks */ = {
			isa = PBXFrameworksBuildPhase;
			buildActionMask = 2147483647;
			files = (
			);
			runOnlyForDeploymentPostprocessing = 0;
		};
		6F79B60F1CCA7AA00008EFAC /* Frameworks */ = {
			isa = PBXFrameworksBuildPhase;
			buildActionMask = 2147483647;
			files = (
			);
			runOnlyForDeploymentPostprocessing = 0;
		};
		6F83DC8D1EC1C787004C5500 /* Frameworks */ = {
			isa = PBXFrameworksBuildPhase;
			buildActionMask = 2147483647;
			files = (
				E8F514AC1C427857C940C7A0 /* libPods-common-crashlytics-ee_x_desktop_crashlytics.a in Frameworks */,
			);
			runOnlyForDeploymentPostprocessing = 0;
		};
/* End PBXFrameworksBuildPhase section */

/* Begin PBXGroup section */
		29B97314FDCFA39411CA2CEA /* CustomTemplate */ = {
			isa = PBXGroup;
			children = (
				6F2DDCDD1E52A3DE0094C241 /* src */,
				6F2DDC5F1E52A0E70094C241 /* jni */,
				6FB2D0CF1D2C9FAC007D47B6 /* proj.android_studio */,
				29B97323FDCFA39411CA2CEA /* Frameworks */,
				A1B0638E9ACD63BB92819897 /* Pods */,
				6F83DCB91EC1C8D1004C5500 /* Products */,
			);
			name = CustomTemplate;
			sourceTree = "<group>";
		};
		29B97323FDCFA39411CA2CEA /* Frameworks */ = {
			isa = PBXGroup;
			children = (
				4A71CA238E20EC0D9F03C6CB /* libPods-common-crashlytics-ee_x_desktop_crashlytics.a */,
				BA3CAC97D4207BEF1DD6466F /* libPods-common-crashlytics-ee_x_mobile_crashlytics.a */,
			);
			name = Frameworks;
			sourceTree = "<group>";
		};
		6F2DDCDD1E52A3DE0094C241 /* src */ = {
			isa = PBXGroup;
			children = (
				6F43A2261EC19F3100C68152 /* ee */,
			);
			name = src;
			path = ../src;
			sourceTree = "<group>";
		};
		6F43A2261EC19F3100C68152 /* ee */ = {
			isa = PBXGroup;
			children = (
				6F43A29D1EC19F3E00C68152 /* Core.hpp */,
				6F43A2271EC19F3100C68152 /* core */,
				6F43A2CD1EC1A22500C68152 /* Crashlytics.hpp */,
				6FD934121EC1B02A001E5D1D /* CrashlyticsFwd.hpp */,
				6F43A23B1EC19F3100C68152 /* crashlytics */,
				6F43A2451EC19F3100C68152 /* libs */,
				6F43A2D61EC1A39900C68152 /* Notification.hpp */,
				6FD934141EC1B070001E5D1D /* NotificationFwd.hpp */,
				6F43A2961EC19F3100C68152 /* notification */,
			);
			path = ee;
			sourceTree = "<group>";
		};
		6F43A2271EC19F3100C68152 /* core */ = {
			isa = PBXGroup;
			children = (
				6F43A2281EC19F3100C68152 /* EEPluginManager.h */,
				6F43A2291EC19F3100C68152 /* EEPluginManager.m */,
				6F43A22A1EC19F3100C68152 /* internal */,
				6F43A2361EC19F3100C68152 /* Logger.cpp */,
				6F43A2371EC19F3100C68152 /* Logger.hpp */,
				6F43A2381EC19F3100C68152 /* Logger_iOS.mm */,
				6F43A2391EC19F3100C68152 /* LogLevel.cpp */,
				6F43A23A1EC19F3100C68152 /* LogLevel.hpp */,
			);
			path = core;
			sourceTree = "<group>";
		};
		6F43A22A1EC19F3100C68152 /* internal */ = {
			isa = PBXGroup;
			children = (
				6F43A22B1EC19F3100C68152 /* EEDictionaryUtils.h */,
				6F43A22C1EC19F3100C68152 /* EEDictionaryUtils.m */,
				6F43A22D1EC19F3100C68152 /* EEJsonUtils.h */,
				6F43A22E1EC19F3100C68152 /* EEJsonUtils.m */,
				6F43A22F1EC19F3100C68152 /* EEMessageBridge.h */,
				6F43A2301EC19F3100C68152 /* EEMessageBridge.m */,
				6F43A2311EC19F3100C68152 /* EEUtils.h */,
				6F43A2321EC19F3100C68152 /* EEUtils.m */,
				6F43A2331EC19F3100C68152 /* MessageBridge.cpp */,
				6F43A2341EC19F3100C68152 /* MessageBridge.hpp */,
				6F43A2351EC19F3100C68152 /* MessageBridge_iOS.mm */,
			);
			path = internal;
			sourceTree = "<group>";
		};
		6F43A23B1EC19F3100C68152 /* crashlytics */ = {
			isa = PBXGroup;
			children = (
				6F43A23C1EC19F3100C68152 /* CrashlyticsBridge.cpp */,
				6F43A23D1EC19F3100C68152 /* CrashlyticsBridge.hpp */,
				6F43A23E1EC19F3100C68152 /* EECrashlytics.h */,
				6F43A23F1EC19F3100C68152 /* EECrashlytics.m */,
			);
			path = crashlytics;
			sourceTree = "<group>";
		};
		6F43A2451EC19F3100C68152 /* libs */ = {
			isa = PBXGroup;
			children = (
				6F43A2911EC19F3100C68152 /* nlohmann */,
			);
			path = libs;
			sourceTree = "<group>";
		};
		6F43A2911EC19F3100C68152 /* nlohmann */ = {
			isa = PBXGroup;
			children = (
				6F43A2921EC19F3100C68152 /* ChangeLog.md */,
				6F43A2931EC19F3100C68152 /* json.hpp */,
				6F43A2941EC19F3100C68152 /* LICENSE.MIT */,
				6F43A2951EC19F3100C68152 /* README.md */,
			);
			path = nlohmann;
			sourceTree = "<group>";
		};
		6F43A2961EC19F3100C68152 /* notification */ = {
			isa = PBXGroup;
			children = (
				6F43A2971EC19F3100C68152 /* EENotification.h */,
				6F43A2981EC19F3100C68152 /* EENotification.m */,
				6F43A2991EC19F3100C68152 /* NotificationBridge.cpp */,
				6F43A29A1EC19F3100C68152 /* NotificationBridge.hpp */,
				6F43A29B1EC19F3100C68152 /* NotificationBuilder.cpp */,
				6F43A29C1EC19F3100C68152 /* NotificationBuilder.hpp */,
			);
			path = notification;
			sourceTree = "<group>";
		};
		6F83DCB91EC1C8D1004C5500 /* Products */ = {
			isa = PBXGroup;
			children = (
				6F83DCB41EC1C8C9004C5500 /* ee_x_mobile_core.a */,
				6F83DCB51EC1C8C9004C5500 /* ee_x_mobile_crashlytics.a */,
				6F83DCB61EC1C8C9004C5500 /* ee_x_mobile_notification.a */,
				6F83DCB71EC1C8C9004C5500 /* ee_x_desktop_core.a */,
				6F83DCB81EC1C8C9004C5500 /* ee_x_desktop_crashlytics.a */,
			);
			name = Products;
			sourceTree = "<group>";
		};
		A1B0638E9ACD63BB92819897 /* Pods */ = {
			isa = PBXGroup;
			children = (
				5326F4B9D201CC6BF5FA9BB6 /* Pods-common-crashlytics-ee_x_desktop_crashlytics.debug.xcconfig */,
				C9F296D2701BF9E7DB193550 /* Pods-common-crashlytics-ee_x_desktop_crashlytics.release.xcconfig */,
				B5329EBC8BC1C11E8388353C /* Pods-common-crashlytics-ee_x_mobile_crashlytics.debug.xcconfig */,
				82896FD58FB2A81BA63FED93 /* Pods-common-crashlytics-ee_x_mobile_crashlytics.release.xcconfig */,
			);
			name = Pods;
			sourceTree = "<group>";
		};
/* End PBXGroup section */

/* Begin PBXHeadersBuildPhase section */
		6C1952961C44E97F00185F01 /* Headers */ = {
			isa = PBXHeadersBuildPhase;
			buildActionMask = 2147483647;
			files = (
				6F43A2C91EC1A18900C68152 /* Logger.hpp in Headers */,
				6F43A2BF1EC1A18900C68152 /* EEJsonUtils.h in Headers */,
				6F43A2B81EC1A01A00C68152 /* Core.hpp in Headers */,
				6F43A2CC1EC1A18900C68152 /* LogLevel.hpp in Headers */,
				6F43A2C11EC1A18900C68152 /* EEMessageBridge.h in Headers */,
				6F43A2C61EC1A18900C68152 /* MessageBridge.hpp in Headers */,
				6F43A2BC1EC1A18900C68152 /* EEPluginManager.h in Headers */,
				6F43A2C31EC1A18900C68152 /* EEUtils.h in Headers */,
				6F83DCAF1EC1C810004C5500 /* json.hpp in Headers */,
				6F43A2BD1EC1A18900C68152 /* EEDictionaryUtils.h in Headers */,
			);
			runOnlyForDeploymentPostprocessing = 0;
		};
		6F43A2A41EC19F5700C68152 /* Headers */ = {
			isa = PBXHeadersBuildPhase;
			buildActionMask = 2147483647;
			files = (
				6F43A2D01EC1A24E00C68152 /* CrashlyticsBridge.hpp in Headers */,
				6F43A2CE1EC1A22500C68152 /* Crashlytics.hpp in Headers */,
				6FD934131EC1B02A001E5D1D /* CrashlyticsFwd.hpp in Headers */,
				6F43A2D11EC1A24E00C68152 /* EECrashlytics.h in Headers */,
			);
			runOnlyForDeploymentPostprocessing = 0;
		};
		6F43A2B01EC19F8700C68152 /* Headers */ = {
			isa = PBXHeadersBuildPhase;
			buildActionMask = 2147483647;
			files = (
				6F43A2D71EC1A39E00C68152 /* Notification.hpp in Headers */,
				6F43A2D81EC1A3A200C68152 /* EENotification.h in Headers */,
				6FD934151EC1B073001E5D1D /* NotificationFwd.hpp in Headers */,
				6F43A2DB1EC1A3A200C68152 /* NotificationBridge.hpp in Headers */,
				6F43A2DD1EC1A3A200C68152 /* NotificationBuilder.hpp in Headers */,
			);
			runOnlyForDeploymentPostprocessing = 0;
		};
		6F79B6101CCA7AA00008EFAC /* Headers */ = {
			isa = PBXHeadersBuildPhase;
			buildActionMask = 2147483647;
			files = (
				6F83DCAA1EC1C800004C5500 /* Logger.hpp in Headers */,
				6F83DCA01EC1C800004C5500 /* EEJsonUtils.h in Headers */,
				6F83DC9B1EC1C7F2004C5500 /* Core.hpp in Headers */,
				6F83DCAD1EC1C800004C5500 /* LogLevel.hpp in Headers */,
				6F83DCA21EC1C800004C5500 /* EEMessageBridge.h in Headers */,
				6F83DCA71EC1C800004C5500 /* MessageBridge.hpp in Headers */,
				6F83DC9C1EC1C800004C5500 /* EEPluginManager.h in Headers */,
				6F83DCA41EC1C800004C5500 /* EEUtils.h in Headers */,
				6F83DCAE1EC1C80F004C5500 /* json.hpp in Headers */,
				6F83DC9E1EC1C800004C5500 /* EEDictionaryUtils.h in Headers */,
			);
			runOnlyForDeploymentPostprocessing = 0;
		};
		6F83DC8F1EC1C787004C5500 /* Headers */ = {
			isa = PBXHeadersBuildPhase;
			buildActionMask = 2147483647;
			files = (
				6F83DC901EC1C787004C5500 /* CrashlyticsBridge.hpp in Headers */,
				6F83DC911EC1C787004C5500 /* Crashlytics.hpp in Headers */,
				6F83DC921EC1C787004C5500 /* CrashlyticsFwd.hpp in Headers */,
				6F83DC931EC1C787004C5500 /* EECrashlytics.h in Headers */,
			);
			runOnlyForDeploymentPostprocessing = 0;
		};
/* End PBXHeadersBuildPhase section */

/* Begin PBXNativeTarget section */
		6C43A8051BDDDF1800D0597F /* ee_x_mobile_core */ = {
			isa = PBXNativeTarget;
			buildConfigurationList = 6C43A80D1BDDDF1900D0597F /* Build configuration list for PBXNativeTarget "ee_x_mobile_core" */;
			buildPhases = (
				6C43A8021BDDDF1800D0597F /* Sources */,
				6C43A8031BDDDF1800D0597F /* Frameworks */,
				6C43A8041BDDDF1800D0597F /* Copy Files */,
				6C1952961C44E97F00185F01 /* Headers */,
			);
			buildRules = (
			);
			dependencies = (
			);
			name = ee_x_mobile_core;
			productName = "ee-library";
			productReference = 6F83DCB41EC1C8C9004C5500 /* ee_x_mobile_core.a */;
			productType = "com.apple.product-type.library.static";
		};
		6F43A29E1EC19F5700C68152 /* ee_x_mobile_crashlytics */ = {
			isa = PBXNativeTarget;
			buildConfigurationList = 6F43A2A61EC19F5700C68152 /* Build configuration list for PBXNativeTarget "ee_x_mobile_crashlytics" */;
			buildPhases = (
				6F43A29F1EC19F5700C68152 /* [CP] Check Pods Manifest.lock */,
				6F43A2A01EC19F5700C68152 /* Sources */,
				6F43A2A11EC19F5700C68152 /* Frameworks */,
				6F43A2A31EC19F5700C68152 /* Copy Files */,
				6F43A2A41EC19F5700C68152 /* Headers */,
				6F43A2A51EC19F5700C68152 /* [CP] Copy Pods Resources */,
			);
			buildRules = (
			);
			dependencies = (
				6F43A2D41EC1A26B00C68152 /* PBXTargetDependency */,
			);
			name = ee_x_mobile_crashlytics;
			productName = "ee-library";
			productReference = 6F83DCB51EC1C8C9004C5500 /* ee_x_mobile_crashlytics.a */;
			productType = "com.apple.product-type.library.static";
		};
		6F43A2AA1EC19F8700C68152 /* ee_x_mobile_notification */ = {
			isa = PBXNativeTarget;
			buildConfigurationList = 6F43A2B21EC19F8700C68152 /* Build configuration list for PBXNativeTarget "ee_x_mobile_notification" */;
			buildPhases = (
				6F43A2AC1EC19F8700C68152 /* Sources */,
				6F43A2AD1EC19F8700C68152 /* Frameworks */,
				6F43A2AF1EC19F8700C68152 /* Copy Files */,
				6F43A2B01EC19F8700C68152 /* Headers */,
			);
			buildRules = (
			);
			dependencies = (
				6F43A3501EC1A9EC00C68152 /* PBXTargetDependency */,
			);
			name = ee_x_mobile_notification;
			productName = "ee-library";
			productReference = 6F83DCB61EC1C8C9004C5500 /* ee_x_mobile_notification.a */;
			productType = "com.apple.product-type.library.static";
		};
		6F79B6111CCA7AA00008EFAC /* ee_x_desktop_core */ = {
			isa = PBXNativeTarget;
			buildConfigurationList = 6F79B61B1CCA7AA00008EFAC /* Build configuration list for PBXNativeTarget "ee_x_desktop_core" */;
			buildPhases = (
				6F79B60E1CCA7AA00008EFAC /* Sources */,
				6F79B60F1CCA7AA00008EFAC /* Frameworks */,
				6F79B6101CCA7AA00008EFAC /* Headers */,
			);
			buildRules = (
			);
			dependencies = (
			);
			name = ee_x_desktop_core;
			productName = "ee-library-desktop";
			productReference = 6F83DCB71EC1C8C9004C5500 /* ee_x_desktop_core.a */;
			productType = "com.apple.product-type.library.static";
		};
		6F83DC861EC1C787004C5500 /* ee_x_desktop_crashlytics */ = {
			isa = PBXNativeTarget;
			buildConfigurationList = 6F83DC951EC1C787004C5500 /* Build configuration list for PBXNativeTarget "ee_x_desktop_crashlytics" */;
			buildPhases = (
				6F83DC891EC1C787004C5500 /* [CP] Check Pods Manifest.lock */,
				6F83DC8A1EC1C787004C5500 /* Sources */,
				6F83DC8D1EC1C787004C5500 /* Frameworks */,
				6F83DC8E1EC1C787004C5500 /* Copy Files */,
				6F83DC8F1EC1C787004C5500 /* Headers */,
				6F83DC941EC1C787004C5500 /* [CP] Copy Pods Resources */,
			);
			buildRules = (
			);
			dependencies = (
				6F83DC9A1EC1C7E4004C5500 /* PBXTargetDependency */,
			);
			name = ee_x_desktop_crashlytics;
			productName = "ee-library";
			productReference = 6F83DCB81EC1C8C9004C5500 /* ee_x_desktop_crashlytics.a */;
			productType = "com.apple.product-type.library.static";
		};
/* End PBXNativeTarget section */

/* Begin PBXProject section */
		29B97313FDCFA39411CA2CEA /* Project object */ = {
			isa = PBXProject;
			attributes = {
				LastUpgradeCheck = 0500;
				TargetAttributes = {
					6C43A8051BDDDF1800D0597F = {
						CreatedOnToolsVersion = 7.1;
					};
					6F79B6111CCA7AA00008EFAC = {
						CreatedOnToolsVersion = 7.3;
					};
				};
			};
			buildConfigurationList = C01FCF4E08A954540054247B /* Build configuration list for PBXProject "ee_x" */;
			compatibilityVersion = "Xcode 3.2";
			developmentRegion = English;
			hasScannedForEncodings = 1;
			knownRegions = (
				English,
				Japanese,
				French,
				German,
			);
			mainGroup = 29B97314FDCFA39411CA2CEA /* CustomTemplate */;
			productRefGroup = 29B97314FDCFA39411CA2CEA /* CustomTemplate */;
			projectDirPath = "";
			projectRoot = "";
			targets = (
				6C43A8051BDDDF1800D0597F /* ee_x_mobile_core */,
				6F43A29E1EC19F5700C68152 /* ee_x_mobile_crashlytics */,
				6F43A2AA1EC19F8700C68152 /* ee_x_mobile_notification */,
				6F79B6111CCA7AA00008EFAC /* ee_x_desktop_core */,
				6F83DC861EC1C787004C5500 /* ee_x_desktop_crashlytics */,
			);
		};
/* End PBXProject section */

/* Begin PBXShellScriptBuildPhase section */
		6F43A29F1EC19F5700C68152 /* [CP] Check Pods Manifest.lock */ = {
			isa = PBXShellScriptBuildPhase;
			buildActionMask = 2147483647;
			files = (
			);
			inputPaths = (
			);
			name = "[CP] Check Pods Manifest.lock";
			outputPaths = (
			);
			runOnlyForDeploymentPostprocessing = 0;
			shellPath = /bin/sh;
			shellScript = "diff \"${PODS_ROOT}/../Podfile.lock\" \"${PODS_ROOT}/Manifest.lock\" > /dev/null\nif [ $? != 0 ] ; then\n    # print error to STDERR\n    echo \"error: The sandbox is not in sync with the Podfile.lock. Run 'pod install' or update your CocoaPods installation.\" >&2\n    exit 1\nfi\n";
			showEnvVarsInLog = 0;
		};
		6F43A2A51EC19F5700C68152 /* [CP] Copy Pods Resources */ = {
			isa = PBXShellScriptBuildPhase;
			buildActionMask = 2147483647;
			files = (
			);
			inputPaths = (
			);
			name = "[CP] Copy Pods Resources";
			outputPaths = (
			);
			runOnlyForDeploymentPostprocessing = 0;
			shellPath = /bin/sh;
			shellScript = "\"${SRCROOT}/Pods/Target Support Files/Pods-common-crashlytics-ee_x_mobile_crashlytics/Pods-common-crashlytics-ee_x_mobile_crashlytics-resources.sh\"\n";
			showEnvVarsInLog = 0;
		};
		6F83DC891EC1C787004C5500 /* [CP] Check Pods Manifest.lock */ = {
			isa = PBXShellScriptBuildPhase;
			buildActionMask = 2147483647;
			files = (
			);
			inputPaths = (
			);
			name = "[CP] Check Pods Manifest.lock";
			outputPaths = (
			);
			runOnlyForDeploymentPostprocessing = 0;
			shellPath = /bin/sh;
			shellScript = "diff \"${PODS_ROOT}/../Podfile.lock\" \"${PODS_ROOT}/Manifest.lock\" > /dev/null\nif [ $? != 0 ] ; then\n    # print error to STDERR\n    echo \"error: The sandbox is not in sync with the Podfile.lock. Run 'pod install' or update your CocoaPods installation.\" >&2\n    exit 1\nfi\n";
			showEnvVarsInLog = 0;
		};
		6F83DC941EC1C787004C5500 /* [CP] Copy Pods Resources */ = {
			isa = PBXShellScriptBuildPhase;
			buildActionMask = 2147483647;
			files = (
			);
			inputPaths = (
			);
			name = "[CP] Copy Pods Resources";
			outputPaths = (
			);
			runOnlyForDeploymentPostprocessing = 0;
			shellPath = /bin/sh;
			shellScript = "\"${SRCROOT}/Pods/Target Support Files/Pods-common-crashlytics-ee_x_desktop_crashlytics/Pods-common-crashlytics-ee_x_desktop_crashlytics-resources.sh\"\n";
			showEnvVarsInLog = 0;
		};
/* End PBXShellScriptBuildPhase section */

/* Begin PBXSourcesBuildPhase section */
		6C43A8021BDDDF1800D0597F /* Sources */ = {
			isa = PBXSourcesBuildPhase;
			buildActionMask = 2147483647;
			files = (
				6F43A2C41EC1A18900C68152 /* EEUtils.m in Sources */,
				6F43A2C21EC1A18900C68152 /* EEMessageBridge.m in Sources */,
				6F43A2BB1EC1A18000C68152 /* EEPluginManager.m in Sources */,
				6F43A2CB1EC1A18900C68152 /* LogLevel.cpp in Sources */,
				6F43A2C81EC1A18900C68152 /* Logger.cpp in Sources */,
				6F43A2C71EC1A18900C68152 /* MessageBridge_iOS.mm in Sources */,
				6F43A2BE1EC1A18900C68152 /* EEDictionaryUtils.m in Sources */,
				6F43A2CA1EC1A18900C68152 /* Logger_iOS.mm in Sources */,
				6F43A2C51EC1A18900C68152 /* MessageBridge.cpp in Sources */,
				6F43A2C01EC1A18900C68152 /* EEJsonUtils.m in Sources */,
			);
			runOnlyForDeploymentPostprocessing = 0;
		};
		6F43A2A01EC19F5700C68152 /* Sources */ = {
			isa = PBXSourcesBuildPhase;
			buildActionMask = 2147483647;
			files = (
				6F43A2CF1EC1A24E00C68152 /* CrashlyticsBridge.cpp in Sources */,
				6F43A2D21EC1A24E00C68152 /* EECrashlytics.m in Sources */,
			);
			runOnlyForDeploymentPostprocessing = 0;
		};
		6F43A2AC1EC19F8700C68152 /* Sources */ = {
			isa = PBXSourcesBuildPhase;
			buildActionMask = 2147483647;
			files = (
				6F43A2DA1EC1A3A200C68152 /* NotificationBridge.cpp in Sources */,
				6F43A2D91EC1A3A200C68152 /* EENotification.m in Sources */,
				6F43A2DC1EC1A3A200C68152 /* NotificationBuilder.cpp in Sources */,
			);
			runOnlyForDeploymentPostprocessing = 0;
		};
		6F79B60E1CCA7AA00008EFAC /* Sources */ = {
			isa = PBXSourcesBuildPhase;
			buildActionMask = 2147483647;
			files = (
				6F83DCA51EC1C800004C5500 /* EEUtils.m in Sources */,
				6F83DCA31EC1C800004C5500 /* EEMessageBridge.m in Sources */,
				6F83DC9D1EC1C800004C5500 /* EEPluginManager.m in Sources */,
				6F83DCAC1EC1C800004C5500 /* LogLevel.cpp in Sources */,
				6F83DCA91EC1C800004C5500 /* Logger.cpp in Sources */,
				6F83DCA81EC1C800004C5500 /* MessageBridge_iOS.mm in Sources */,
				6F83DC9F1EC1C800004C5500 /* EEDictionaryUtils.m in Sources */,
				6F83DCAB1EC1C800004C5500 /* Logger_iOS.mm in Sources */,
				6F83DCA61EC1C800004C5500 /* MessageBridge.cpp in Sources */,
				6F83DCA11EC1C800004C5500 /* EEJsonUtils.m in Sources */,
			);
			runOnlyForDeploymentPostprocessing = 0;
		};
		6F83DC8A1EC1C787004C5500 /* Sources */ = {
			isa = PBXSourcesBuildPhase;
			buildActionMask = 2147483647;
			files = (
				6F83DC8B1EC1C787004C5500 /* CrashlyticsBridge.cpp in Sources */,
				6F83DC8C1EC1C787004C5500 /* EECrashlytics.m in Sources */,
			);
			runOnlyForDeploymentPostprocessing = 0;
		};
/* End PBXSourcesBuildPhase section */

/* Begin PBXTargetDependency section */
		6F43A2D41EC1A26B00C68152 /* PBXTargetDependency */ = {
			isa = PBXTargetDependency;
			target = 6C43A8051BDDDF1800D0597F /* ee_x_mobile_core */;
			targetProxy = 6F43A2D31EC1A26B00C68152 /* PBXContainerItemProxy */;
		};
		6F43A3501EC1A9EC00C68152 /* PBXTargetDependency */ = {
			isa = PBXTargetDependency;
			target = 6C43A8051BDDDF1800D0597F /* ee_x_mobile_core */;
			targetProxy = 6F43A34F1EC1A9EC00C68152 /* PBXContainerItemProxy */;
		};
		6F83DC9A1EC1C7E4004C5500 /* PBXTargetDependency */ = {
			isa = PBXTargetDependency;
			target = 6F79B6111CCA7AA00008EFAC /* ee_x_desktop_core */;
			targetProxy = 6F83DC991EC1C7E4004C5500 /* PBXContainerItemProxy */;
		};
/* End PBXTargetDependency section */

/* Begin XCBuildConfiguration section */
		6C43A80E1BDDDF1900D0597F /* Debug */ = {
			isa = XCBuildConfiguration;
			buildSettings = {
				ENABLE_BITCODE = NO;
				OTHER_LDFLAGS = (
					"$(inherited)",
					"-ObjC",
				);
				SDKROOT = iphoneos;
			};
			name = Debug;
		};
		6C43A80F1BDDDF1900D0597F /* Release */ = {
			isa = XCBuildConfiguration;
			buildSettings = {
				ENABLE_BITCODE = NO;
				OTHER_LDFLAGS = (
					"$(inherited)",
					"-ObjC",
				);
				SDKROOT = iphoneos;
			};
			name = Release;
		};
		6F43A2A71EC19F5700C68152 /* Debug */ = {
			isa = XCBuildConfiguration;
			baseConfigurationReference = B5329EBC8BC1C11E8388353C /* Pods-common-crashlytics-ee_x_mobile_crashlytics.debug.xcconfig */;
			buildSettings = {
				ENABLE_BITCODE = NO;
				OTHER_LDFLAGS = (
					"$(inherited)",
					"-ObjC",
				);
				SDKROOT = iphoneos;
			};
			name = Debug;
		};
		6F43A2A81EC19F5700C68152 /* Release */ = {
			isa = XCBuildConfiguration;
			baseConfigurationReference = 82896FD58FB2A81BA63FED93 /* Pods-common-crashlytics-ee_x_mobile_crashlytics.release.xcconfig */;
			buildSettings = {
				ENABLE_BITCODE = NO;
				OTHER_LDFLAGS = (
					"$(inherited)",
					"-ObjC",
				);
				SDKROOT = iphoneos;
			};
			name = Release;
		};
		6F43A2B31EC19F8700C68152 /* Debug */ = {
			isa = XCBuildConfiguration;
			buildSettings = {
				ENABLE_BITCODE = NO;
				OTHER_LDFLAGS = (
					"$(inherited)",
					"-ObjC",
				);
				SDKROOT = iphoneos;
			};
			name = Debug;
		};
		6F43A2B41EC19F8700C68152 /* Release */ = {
			isa = XCBuildConfiguration;
			buildSettings = {
				ENABLE_BITCODE = NO;
				OTHER_LDFLAGS = (
					"$(inherited)",
					"-ObjC",
				);
				SDKROOT = iphoneos;
			};
			name = Release;
		};
		6F79B6181CCA7AA00008EFAC /* Debug */ = {
			isa = XCBuildConfiguration;
			buildSettings = {
				SDKROOT = macosx;
			};
			name = Debug;
		};
		6F79B6191CCA7AA00008EFAC /* Release */ = {
			isa = XCBuildConfiguration;
			buildSettings = {
				SDKROOT = macosx;
			};
			name = Release;
		};
		6F83DC961EC1C787004C5500 /* Debug */ = {
			isa = XCBuildConfiguration;
			baseConfigurationReference = 5326F4B9D201CC6BF5FA9BB6 /* Pods-common-crashlytics-ee_x_desktop_crashlytics.debug.xcconfig */;
			buildSettings = {
				ENABLE_BITCODE = NO;
				SDKROOT = macosx;
			};
			name = Debug;
		};
		6F83DC971EC1C787004C5500 /* Release */ = {
			isa = XCBuildConfiguration;
			baseConfigurationReference = C9F296D2701BF9E7DB193550 /* Pods-common-crashlytics-ee_x_desktop_crashlytics.release.xcconfig */;
			buildSettings = {
				ENABLE_BITCODE = NO;
				SDKROOT = macosx;
			};
			name = Release;
		};
		C01FCF4F08A954540054247B /* Debug */ = {
			isa = XCBuildConfiguration;
			buildSettings = {
				ALWAYS_SEARCH_USER_PATHS = NO;
				CLANG_ANALYZER_SECURITY_FLOATLOOPCOUNTER = YES;
				CLANG_ANALYZER_SECURITY_INSECUREAPI_RAND = YES;
				CLANG_ANALYZER_SECURITY_INSECUREAPI_STRCPY = YES;
				CLANG_CXX_LANGUAGE_STANDARD = "c++1z";
				CLANG_CXX_LIBRARY = "libc++";
				CLANG_WARN_ASSIGN_ENUM = YES;
				CLANG_WARN_CXX0X_EXTENSIONS = YES;
				CLANG_WARN_DEPRECATED_OBJC_IMPLEMENTATIONS = YES;
				CLANG_WARN_DIRECT_OBJC_ISA_USAGE = YES_ERROR;
				CLANG_WARN_EMPTY_BODY = YES;
				CLANG_WARN_IMPLICIT_SIGN_CONVERSION = YES;
				CLANG_WARN_NULLABLE_TO_NONNULL_CONVERSION = YES;
				CLANG_WARN_OBJC_EXPLICIT_OWNERSHIP_TYPE = YES;
				CLANG_WARN_OBJC_IMPLICIT_ATOMIC_PROPERTIES = YES;
				CLANG_WARN_OBJC_IMPLICIT_RETAIN_SELF = YES;
				CLANG_WARN_OBJC_REPEATED_USE_OF_WEAK = YES;
				CLANG_WARN_OBJC_ROOT_CLASS = YES_ERROR;
				CLANG_WARN_SUSPICIOUS_IMPLICIT_CONVERSION = YES;
				CLANG_WARN_UNREACHABLE_CODE = YES_AGGRESSIVE;
				CLANG_WARN__DUPLICATE_METHOD_MATCH = YES;
				COPY_PHASE_STRIP = NO;
				ENABLE_NS_ASSERTIONS = NO;
				ENABLE_TESTABILITY = YES;
				EXECUTABLE_PREFIX = "";
				GCC_C_LANGUAGE_STANDARD = c99;
				GCC_OPTIMIZATION_LEVEL = 0;
				GCC_PREPROCESSOR_DEFINITIONS = "DEBUG=1";
				GCC_SYMBOLS_PRIVATE_EXTERN = YES;
				GCC_TREAT_IMPLICIT_FUNCTION_DECLARATIONS_AS_ERRORS = YES;
				GCC_TREAT_INCOMPATIBLE_POINTER_TYPE_WARNINGS_AS_ERRORS = YES;
				GCC_WARN_64_TO_32_BIT_CONVERSION = YES;
				GCC_WARN_ABOUT_MISSING_FIELD_INITIALIZERS = YES;
				GCC_WARN_ABOUT_MISSING_PROTOTYPES = YES;
				GCC_WARN_ABOUT_RETURN_TYPE = YES_ERROR;
				GCC_WARN_HIDDEN_VIRTUAL_FUNCTIONS = YES;
				GCC_WARN_INITIALIZER_NOT_FULLY_BRACKETED = YES;
				GCC_WARN_NON_VIRTUAL_DESTRUCTOR = YES;
				GCC_WARN_SHADOW = YES;
				GCC_WARN_SIGN_COMPARE = YES;
				GCC_WARN_STRICT_SELECTOR_MATCH = YES;
				GCC_WARN_UNDECLARED_SELECTOR = YES;
				GCC_WARN_UNINITIALIZED_AUTOS = YES_AGGRESSIVE;
				GCC_WARN_UNKNOWN_PRAGMAS = YES;
				GCC_WARN_UNUSED_FUNCTION = YES;
				GCC_WARN_UNUSED_VARIABLE = YES;
				HEADER_SEARCH_PATHS = "$(SRCROOT)/../src/ee/libs/firebase_cpp_sdk/include";
				IPHONEOS_DEPLOYMENT_TARGET = 7.0;
				MACOSX_DEPLOYMENT_TARGET = 10.7;
				ONLY_ACTIVE_ARCH = YES;
				PRODUCT_NAME = "$(TARGET_NAME)";
				SKIP_INSTALL = YES;
				TARGETED_DEVICE_FAMILY = "1,2";
				USER_HEADER_SEARCH_PATHS = "$(SRCROOT)/../src";
			};
			name = Debug;
		};
		C01FCF5008A954540054247B /* Release */ = {
			isa = XCBuildConfiguration;
			buildSettings = {
				ALWAYS_SEARCH_USER_PATHS = NO;
				CLANG_ANALYZER_SECURITY_FLOATLOOPCOUNTER = YES;
				CLANG_ANALYZER_SECURITY_INSECUREAPI_RAND = YES;
				CLANG_ANALYZER_SECURITY_INSECUREAPI_STRCPY = YES;
				CLANG_CXX_LANGUAGE_STANDARD = "c++1z";
				CLANG_CXX_LIBRARY = "libc++";
				CLANG_WARN_ASSIGN_ENUM = YES;
				CLANG_WARN_CXX0X_EXTENSIONS = YES;
				CLANG_WARN_DEPRECATED_OBJC_IMPLEMENTATIONS = YES;
				CLANG_WARN_DIRECT_OBJC_ISA_USAGE = YES_ERROR;
				CLANG_WARN_EMPTY_BODY = YES;
				CLANG_WARN_IMPLICIT_SIGN_CONVERSION = YES;
				CLANG_WARN_NULLABLE_TO_NONNULL_CONVERSION = YES;
				CLANG_WARN_OBJC_EXPLICIT_OWNERSHIP_TYPE = YES;
				CLANG_WARN_OBJC_IMPLICIT_ATOMIC_PROPERTIES = YES;
				CLANG_WARN_OBJC_IMPLICIT_RETAIN_SELF = YES;
				CLANG_WARN_OBJC_REPEATED_USE_OF_WEAK = YES;
				CLANG_WARN_OBJC_ROOT_CLASS = YES_ERROR;
				CLANG_WARN_SUSPICIOUS_IMPLICIT_CONVERSION = YES;
				CLANG_WARN_UNREACHABLE_CODE = YES_AGGRESSIVE;
				CLANG_WARN__DUPLICATE_METHOD_MATCH = YES;
				ENABLE_NS_ASSERTIONS = NO;
				EXECUTABLE_PREFIX = "";
				GCC_C_LANGUAGE_STANDARD = c99;
				GCC_GENERATE_DEBUGGING_SYMBOLS = NO;
				GCC_PREPROCESSOR_DEFINITIONS = NDEBUG;
				GCC_SYMBOLS_PRIVATE_EXTERN = YES;
				GCC_TREAT_IMPLICIT_FUNCTION_DECLARATIONS_AS_ERRORS = YES;
				GCC_TREAT_INCOMPATIBLE_POINTER_TYPE_WARNINGS_AS_ERRORS = YES;
				GCC_WARN_64_TO_32_BIT_CONVERSION = YES;
				GCC_WARN_ABOUT_MISSING_FIELD_INITIALIZERS = YES;
				GCC_WARN_ABOUT_MISSING_PROTOTYPES = YES;
				GCC_WARN_ABOUT_RETURN_TYPE = YES_ERROR;
				GCC_WARN_HIDDEN_VIRTUAL_FUNCTIONS = YES;
				GCC_WARN_INITIALIZER_NOT_FULLY_BRACKETED = YES;
				GCC_WARN_NON_VIRTUAL_DESTRUCTOR = YES;
				GCC_WARN_SHADOW = YES;
				GCC_WARN_SIGN_COMPARE = YES;
				GCC_WARN_STRICT_SELECTOR_MATCH = YES;
				GCC_WARN_UNDECLARED_SELECTOR = YES;
				GCC_WARN_UNINITIALIZED_AUTOS = YES_AGGRESSIVE;
				GCC_WARN_UNKNOWN_PRAGMAS = YES;
				GCC_WARN_UNUSED_FUNCTION = YES;
				GCC_WARN_UNUSED_VARIABLE = YES;
				HEADER_SEARCH_PATHS = "$(SRCROOT)/../src/ee/libs/firebase_cpp_sdk/include";
				IPHONEOS_DEPLOYMENT_TARGET = 7.0;
				LLVM_LTO = YES;
				MACOSX_DEPLOYMENT_TARGET = 10.7;
				PRODUCT_NAME = "$(TARGET_NAME)";
				SKIP_INSTALL = YES;
				TARGETED_DEVICE_FAMILY = "1,2";
				USER_HEADER_SEARCH_PATHS = "$(SRCROOT)/../src";
				VALIDATE_PRODUCT = YES;
			};
			name = Release;
		};
/* End XCBuildConfiguration section */

/* Begin XCConfigurationList section */
		6C43A80D1BDDDF1900D0597F /* Build configuration list for PBXNativeTarget "ee_x_mobile_core" */ = {
			isa = XCConfigurationList;
			buildConfigurations = (
				6C43A80E1BDDDF1900D0597F /* Debug */,
				6C43A80F1BDDDF1900D0597F /* Release */,
			);
			defaultConfigurationIsVisible = 0;
			defaultConfigurationName = Debug;
		};
		6F43A2A61EC19F5700C68152 /* Build configuration list for PBXNativeTarget "ee_x_mobile_crashlytics" */ = {
			isa = XCConfigurationList;
			buildConfigurations = (
				6F43A2A71EC19F5700C68152 /* Debug */,
				6F43A2A81EC19F5700C68152 /* Release */,
			);
			defaultConfigurationIsVisible = 0;
			defaultConfigurationName = Debug;
		};
		6F43A2B21EC19F8700C68152 /* Build configuration list for PBXNativeTarget "ee_x_mobile_notification" */ = {
			isa = XCConfigurationList;
			buildConfigurations = (
				6F43A2B31EC19F8700C68152 /* Debug */,
				6F43A2B41EC19F8700C68152 /* Release */,
			);
			defaultConfigurationIsVisible = 0;
			defaultConfigurationName = Debug;
		};
		6F79B61B1CCA7AA00008EFAC /* Build configuration list for PBXNativeTarget "ee_x_desktop_core" */ = {
			isa = XCConfigurationList;
			buildConfigurations = (
				6F79B6181CCA7AA00008EFAC /* Debug */,
				6F79B6191CCA7AA00008EFAC /* Release */,
			);
			defaultConfigurationIsVisible = 0;
			defaultConfigurationName = Debug;
		};
		6F83DC951EC1C787004C5500 /* Build configuration list for PBXNativeTarget "ee_x_desktop_crashlytics" */ = {
			isa = XCConfigurationList;
			buildConfigurations = (
				6F83DC961EC1C787004C5500 /* Debug */,
				6F83DC971EC1C787004C5500 /* Release */,
			);
			defaultConfigurationIsVisible = 0;
			defaultConfigurationName = Debug;
		};
		C01FCF4E08A954540054247B /* Build configuration list for PBXProject "ee_x" */ = {
			isa = XCConfigurationList;
			buildConfigurations = (
				C01FCF4F08A954540054247B /* Debug */,
				C01FCF5008A954540054247B /* Release */,
			);
			defaultConfigurationIsVisible = 0;
			defaultConfigurationName = Debug;
		};
/* End XCConfigurationList section */
	};
	rootObject = 29B97313FDCFA39411CA2CEA /* Project object */;
}
